// !$*UTF8*$!
{
	archiveVersion = 1;
	classes = {
	};
	objectVersion = 46;
	objects = {

/* Begin PBXBuildFile section */
		D54790921C763C9600AEEF2E /* NSString+IndexOfBruteForce.m in Sources */ = {isa = PBXBuildFile; fileRef = D54790911C763C9600AEEF2E /* NSString+IndexOfBruteForce.m */; };
		D5567D921C6A4E8B002912D3 /* InsertionSort.m in Sources */ = {isa = PBXBuildFile; fileRef = D5567D911C6A4E8B002912D3 /* InsertionSort.m */; };
		D5567DBE1C6B9D48002912D3 /* BinarySearch.m in Sources */ = {isa = PBXBuildFile; fileRef = D5567DBD1C6B9D48002912D3 /* BinarySearch.m */; };
		D5B1876B1C6D063F0085D6E9 /* MergeSort.m in Sources */ = {isa = PBXBuildFile; fileRef = D5B1876A1C6D063F0085D6E9 /* MergeSort.m */; };
		D5CD807E1C676D210001BC67 /* main.m in Sources */ = {isa = PBXBuildFile; fileRef = D5CD807D1C676D210001BC67 /* main.m */; };
		D5CD80811C676D210001BC67 /* AppDelegate.m in Sources */ = {isa = PBXBuildFile; fileRef = D5CD80801C676D210001BC67 /* AppDelegate.m */; };
		D5CD80841C676D210001BC67 /* ViewController.m in Sources */ = {isa = PBXBuildFile; fileRef = D5CD80831C676D210001BC67 /* ViewController.m */; };
		D5CD80871C676D210001BC67 /* Main.storyboard in Resources */ = {isa = PBXBuildFile; fileRef = D5CD80851C676D210001BC67 /* Main.storyboard */; };
		D5CD80891C676D210001BC67 /* Assets.xcassets in Resources */ = {isa = PBXBuildFile; fileRef = D5CD80881C676D210001BC67 /* Assets.xcassets */; };
		D5CD808C1C676D210001BC67 /* LaunchScreen.storyboard in Resources */ = {isa = PBXBuildFile; fileRef = D5CD808A1C676D210001BC67 /* LaunchScreen.storyboard */; };
		D5CD80971C676D210001BC67 /* AlgorithmClubObjectiveCTests.m in Sources */ = {isa = PBXBuildFile; fileRef = D5CD80961C676D210001BC67 /* AlgorithmClubObjectiveCTests.m */; };
		D5CD80A41C676D6E0001BC67 /* Stack.m in Sources */ = {isa = PBXBuildFile; fileRef = D5CD80A31C676D6E0001BC67 /* Stack.m */; };
		D5CD80A71C67773F0001BC67 /* Queue.m in Sources */ = {isa = PBXBuildFile; fileRef = D5CD80A61C67773F0001BC67 /* Queue.m */; };
/* End PBXBuildFile section */

/* Begin PBXContainerItemProxy section */
		D5CD80931C676D210001BC67 /* PBXContainerItemProxy */ = {
			isa = PBXContainerItemProxy;
			containerPortal = D5CD80711C676D210001BC67 /* Project object */;
			proxyType = 1;
			remoteGlobalIDString = D5CD80781C676D210001BC67;
			remoteInfo = AlgorithmClubObjectiveC;
		};
/* End PBXContainerItemProxy section */

/* Begin PBXFileReference section */
		D54790901C763C9600AEEF2E /* NSString+IndexOfBruteForce.h */ = {isa = PBXFileReference; fileEncoding = 4; lastKnownFileType = sourcecode.c.h; name = "NSString+IndexOfBruteForce.h"; path = "Algorithm/Search/NSString+IndexOfBruteForce.h"; sourceTree = "<group>"; };
		D54790911C763C9600AEEF2E /* NSString+IndexOfBruteForce.m */ = {isa = PBXFileReference; fileEncoding = 4; lastKnownFileType = sourcecode.c.objc; name = "NSString+IndexOfBruteForce.m"; path = "Algorithm/Search/NSString+IndexOfBruteForce.m"; sourceTree = "<group>"; };
		D5567D901C6A4E8B002912D3 /* InsertionSort.h */ = {isa = PBXFileReference; fileEncoding = 4; lastKnownFileType = sourcecode.c.h; path = InsertionSort.h; sourceTree = "<group>"; };
		D5567D911C6A4E8B002912D3 /* InsertionSort.m */ = {isa = PBXFileReference; fileEncoding = 4; lastKnownFileType = sourcecode.c.objc; path = InsertionSort.m; sourceTree = "<group>"; };
		D5567DBC1C6B9D48002912D3 /* BinarySearch.h */ = {isa = PBXFileReference; fileEncoding = 4; lastKnownFileType = sourcecode.c.h; name = BinarySearch.h; path = Algorithm/BinarySearch.h; sourceTree = "<group>"; };
		D5567DBD1C6B9D48002912D3 /* BinarySearch.m */ = {isa = PBXFileReference; fileEncoding = 4; lastKnownFileType = sourcecode.c.objc; name = BinarySearch.m; path = Algorithm/BinarySearch.m; sourceTree = "<group>"; };
		D5B187691C6D063F0085D6E9 /* MergeSort.h */ = {isa = PBXFileReference; fileEncoding = 4; lastKnownFileType = sourcecode.c.h; name = MergeSort.h; path = Algorithm/MergeSort.h; sourceTree = "<group>"; };
		D5B1876A1C6D063F0085D6E9 /* MergeSort.m */ = {isa = PBXFileReference; fileEncoding = 4; lastKnownFileType = sourcecode.c.objc; name = MergeSort.m; path = Algorithm/MergeSort.m; sourceTree = "<group>"; };
		D5CD80791C676D210001BC67 /* AlgorithmClubObjectiveC.app */ = {isa = PBXFileReference; explicitFileType = wrapper.application; includeInIndex = 0; path = AlgorithmClubObjectiveC.app; sourceTree = BUILT_PRODUCTS_DIR; };
		D5CD807D1C676D210001BC67 /* main.m */ = {isa = PBXFileReference; lastKnownFileType = sourcecode.c.objc; path = main.m; sourceTree = "<group>"; };
		D5CD807F1C676D210001BC67 /* AppDelegate.h */ = {isa = PBXFileReference; lastKnownFileType = sourcecode.c.h; path = AppDelegate.h; sourceTree = "<group>"; };
		D5CD80801C676D210001BC67 /* AppDelegate.m */ = {isa = PBXFileReference; lastKnownFileType = sourcecode.c.objc; path = AppDelegate.m; sourceTree = "<group>"; };
		D5CD80821C676D210001BC67 /* ViewController.h */ = {isa = PBXFileReference; lastKnownFileType = sourcecode.c.h; path = ViewController.h; sourceTree = "<group>"; };
		D5CD80831C676D210001BC67 /* ViewController.m */ = {isa = PBXFileReference; lastKnownFileType = sourcecode.c.objc; path = ViewController.m; sourceTree = "<group>"; };
		D5CD80861C676D210001BC67 /* Base */ = {isa = PBXFileReference; lastKnownFileType = file.storyboard; name = Base; path = Base.lproj/Main.storyboard; sourceTree = "<group>"; };
		D5CD80881C676D210001BC67 /* Assets.xcassets */ = {isa = PBXFileReference; lastKnownFileType = folder.assetcatalog; path = Assets.xcassets; sourceTree = "<group>"; };
		D5CD808B1C676D210001BC67 /* Base */ = {isa = PBXFileReference; lastKnownFileType = file.storyboard; name = Base; path = Base.lproj/LaunchScreen.storyboard; sourceTree = "<group>"; };
		D5CD808D1C676D210001BC67 /* Info.plist */ = {isa = PBXFileReference; lastKnownFileType = text.plist.xml; path = Info.plist; sourceTree = "<group>"; };
		D5CD80921C676D210001BC67 /* AlgorithmClubObjectiveCTests.xctest */ = {isa = PBXFileReference; explicitFileType = wrapper.cfbundle; includeInIndex = 0; path = AlgorithmClubObjectiveCTests.xctest; sourceTree = BUILT_PRODUCTS_DIR; };
		D5CD80961C676D210001BC67 /* AlgorithmClubObjectiveCTests.m */ = {isa = PBXFileReference; lastKnownFileType = sourcecode.c.objc; path = AlgorithmClubObjectiveCTests.m; sourceTree = "<group>"; };
		D5CD80981C676D210001BC67 /* Info.plist */ = {isa = PBXFileReference; lastKnownFileType = text.plist.xml; path = Info.plist; sourceTree = "<group>"; };
		D5CD80A21C676D6E0001BC67 /* Stack.h */ = {isa = PBXFileReference; fileEncoding = 4; lastKnownFileType = sourcecode.c.h; name = Stack.h; path = Algorithm/Stack.h; sourceTree = "<group>"; };
		D5CD80A31C676D6E0001BC67 /* Stack.m */ = {isa = PBXFileReference; fileEncoding = 4; lastKnownFileType = sourcecode.c.objc; name = Stack.m; path = Algorithm/Stack.m; sourceTree = "<group>"; };
		D5CD80A51C67773F0001BC67 /* Queue.h */ = {isa = PBXFileReference; fileEncoding = 4; lastKnownFileType = sourcecode.c.h; name = Queue.h; path = Algorithm/Queue.h; sourceTree = "<group>"; };
		D5CD80A61C67773F0001BC67 /* Queue.m */ = {isa = PBXFileReference; fileEncoding = 4; lastKnownFileType = sourcecode.c.objc; name = Queue.m; path = Algorithm/Queue.m; sourceTree = "<group>"; };
/* End PBXFileReference section */

/* Begin PBXFrameworksBuildPhase section */
		D5CD80761C676D210001BC67 /* Frameworks */ = {
			isa = PBXFrameworksBuildPhase;
			buildActionMask = 2147483647;
			files = (
			);
			runOnlyForDeploymentPostprocessing = 0;
		};
		D5CD808F1C676D210001BC67 /* Frameworks */ = {
			isa = PBXFrameworksBuildPhase;
			buildActionMask = 2147483647;
			files = (
			);
			runOnlyForDeploymentPostprocessing = 0;
		};
/* End PBXFrameworksBuildPhase section */

/* Begin PBXGroup section */
		D547908C1C763C0D00AEEF2E /* Search */ = {
			isa = PBXGroup;
			children = (
				D5567DBC1C6B9D48002912D3 /* BinarySearch.h */,
				D5567DBD1C6B9D48002912D3 /* BinarySearch.m */,
				D54790901C763C9600AEEF2E /* NSString+IndexOfBruteForce.h */,
				D54790911C763C9600AEEF2E /* NSString+IndexOfBruteForce.m */,
			);
			name = Search;
			sourceTree = "<group>";
		};
		D5CD80701C676D210001BC67 = {
			isa = PBXGroup;
			children = (
				D5CD807B1C676D210001BC67 /* AlgorithmClubObjectiveC */,
				D5CD80951C676D210001BC67 /* AlgorithmClubObjectiveCTests */,
				D5CD807A1C676D210001BC67 /* Products */,
			);
			sourceTree = "<group>";
		};
		D5CD807A1C676D210001BC67 /* Products */ = {
			isa = PBXGroup;
			children = (
				D5CD80791C676D210001BC67 /* AlgorithmClubObjectiveC.app */,
				D5CD80921C676D210001BC67 /* AlgorithmClubObjectiveCTests.xctest */,
			);
			name = Products;
			sourceTree = "<group>";
		};
		D5CD807B1C676D210001BC67 /* AlgorithmClubObjectiveC */ = {
			isa = PBXGroup;
			children = (
				D5CD807F1C676D210001BC67 /* AppDelegate.h */,
				D5CD80801C676D210001BC67 /* AppDelegate.m */,
				D5CD80821C676D210001BC67 /* ViewController.h */,
				D5CD80831C676D210001BC67 /* ViewController.m */,
				D5CD80A11C676D490001BC67 /* Algorithm */,
				D5CD80851C676D210001BC67 /* Main.storyboard */,
				D5CD80881C676D210001BC67 /* Assets.xcassets */,
				D5CD808A1C676D210001BC67 /* LaunchScreen.storyboard */,
				D5CD808D1C676D210001BC67 /* Info.plist */,
				D5CD807C1C676D210001BC67 /* Supporting Files */,
			);
			path = AlgorithmClubObjectiveC;
			sourceTree = "<group>";
		};
		D5CD807C1C676D210001BC67 /* Supporting Files */ = {
			isa = PBXGroup;
			children = (
				D5CD807D1C676D210001BC67 /* main.m */,
			);
			name = "Supporting Files";
			sourceTree = "<group>";
		};
		D5CD80951C676D210001BC67 /* AlgorithmClubObjectiveCTests */ = {
			isa = PBXGroup;
			children = (
				D5CD80961C676D210001BC67 /* AlgorithmClubObjectiveCTests.m */,
				D5CD80981C676D210001BC67 /* Info.plist */,
			);
			path = AlgorithmClubObjectiveCTests;
			sourceTree = "<group>";
		};
		D5CD80A11C676D490001BC67 /* Algorithm */ = {
			isa = PBXGroup;
			children = (
				D5CD80A21C676D6E0001BC67 /* Stack.h */,
				D5CD80A31C676D6E0001BC67 /* Stack.m */,
				D5CD80A51C67773F0001BC67 /* Queue.h */,
				D5CD80A61C67773F0001BC67 /* Queue.m */,
				D5567D901C6A4E8B002912D3 /* InsertionSort.h */,
				D5567D911C6A4E8B002912D3 /* InsertionSort.m */,
				D547908C1C763C0D00AEEF2E /* Search */,
				D5B187691C6D063F0085D6E9 /* MergeSort.h */,
				D5B1876A1C6D063F0085D6E9 /* MergeSort.m */,
			);
			name = Algorithm;
			sourceTree = "<group>";
		};
/* End PBXGroup section */

/* Begin PBXNativeTarget section */
		D5CD80781C676D210001BC67 /* AlgorithmClubObjectiveC */ = {
			isa = PBXNativeTarget;
			buildConfigurationList = D5CD809B1C676D210001BC67 /* Build configuration list for PBXNativeTarget "AlgorithmClubObjectiveC" */;
			buildPhases = (
				D5CD80751C676D210001BC67 /* Sources */,
				D5CD80761C676D210001BC67 /* Frameworks */,
				D5CD80771C676D210001BC67 /* Resources */,
			);
			buildRules = (
			);
			dependencies = (
			);
			name = AlgorithmClubObjectiveC;
			productName = AlgorithmClubObjectiveC;
			productReference = D5CD80791C676D210001BC67 /* AlgorithmClubObjectiveC.app */;
			productType = "com.apple.product-type.application";
		};
		D5CD80911C676D210001BC67 /* AlgorithmClubObjectiveCTests */ = {
			isa = PBXNativeTarget;
			buildConfigurationList = D5CD809E1C676D210001BC67 /* Build configuration list for PBXNativeTarget "AlgorithmClubObjectiveCTests" */;
			buildPhases = (
				D5CD808E1C676D210001BC67 /* Sources */,
				D5CD808F1C676D210001BC67 /* Frameworks */,
				D5CD80901C676D210001BC67 /* Resources */,
			);
			buildRules = (
			);
			dependencies = (
				D5CD80941C676D210001BC67 /* PBXTargetDependency */,
			);
			name = AlgorithmClubObjectiveCTests;
			productName = AlgorithmClubObjectiveCTests;
			productReference = D5CD80921C676D210001BC67 /* AlgorithmClubObjectiveCTests.xctest */;
			productType = "com.apple.product-type.bundle.unit-test";
		};
/* End PBXNativeTarget section */

/* Begin PBXProject section */
		D5CD80711C676D210001BC67 /* Project object */ = {
			isa = PBXProject;
			attributes = {
				LastUpgradeCheck = 0720;
				ORGANIZATIONNAME = "Andrey Panov";
				TargetAttributes = {
					D5CD80781C676D210001BC67 = {
						CreatedOnToolsVersion = 7.2.1;
					};
					D5CD80911C676D210001BC67 = {
						CreatedOnToolsVersion = 7.2.1;
						TestTargetID = D5CD80781C676D210001BC67;
					};
				};
			};
			buildConfigurationList = D5CD80741C676D210001BC67 /* Build configuration list for PBXProject "AlgorithmClubObjectiveC" */;
			compatibilityVersion = "Xcode 3.2";
			developmentRegion = English;
			hasScannedForEncodings = 0;
			knownRegions = (
				en,
				Base,
			);
			mainGroup = D5CD80701C676D210001BC67;
			productRefGroup = D5CD807A1C676D210001BC67 /* Products */;
			projectDirPath = "";
			projectRoot = "";
			targets = (
				D5CD80781C676D210001BC67 /* AlgorithmClubObjectiveC */,
				D5CD80911C676D210001BC67 /* AlgorithmClubObjectiveCTests */,
			);
		};
/* End PBXProject section */

/* Begin PBXResourcesBuildPhase section */
		D5CD80771C676D210001BC67 /* Resources */ = {
			isa = PBXResourcesBuildPhase;
			buildActionMask = 2147483647;
			files = (
				D5CD808C1C676D210001BC67 /* LaunchScreen.storyboard in Resources */,
				D5CD80891C676D210001BC67 /* Assets.xcassets in Resources */,
				D5CD80871C676D210001BC67 /* Main.storyboard in Resources */,
			);
			runOnlyForDeploymentPostprocessing = 0;
		};
		D5CD80901C676D210001BC67 /* Resources */ = {
			isa = PBXResourcesBuildPhase;
			buildActionMask = 2147483647;
			files = (
			);
			runOnlyForDeploymentPostprocessing = 0;
		};
/* End PBXResourcesBuildPhase section */

/* Begin PBXSourcesBuildPhase section */
		D5CD80751C676D210001BC67 /* Sources */ = {
			isa = PBXSourcesBuildPhase;
			buildActionMask = 2147483647;
			files = (
				D54790921C763C9600AEEF2E /* NSString+IndexOfBruteForce.m in Sources */,
				D5CD80A71C67773F0001BC67 /* Queue.m in Sources */,
				D5567DBE1C6B9D48002912D3 /* BinarySearch.m in Sources */,
				D5567D921C6A4E8B002912D3 /* InsertionSort.m in Sources */,
				D5CD80A41C676D6E0001BC67 /* Stack.m in Sources */,
				D5CD80841C676D210001BC67 /* ViewController.m in Sources */,
				D5CD80811C676D210001BC67 /* AppDelegate.m in Sources */,
				D5B1876B1C6D063F0085D6E9 /* MergeSort.m in Sources */,
				D5CD807E1C676D210001BC67 /* main.m in Sources */,
			);
			runOnlyForDeploymentPostprocessing = 0;
		};
		D5CD808E1C676D210001BC67 /* Sources */ = {
			isa = PBXSourcesBuildPhase;
			buildActionMask = 2147483647;
			files = (
				D5CD80971C676D210001BC67 /* AlgorithmClubObjectiveCTests.m in Sources */,
			);
			runOnlyForDeploymentPostprocessing = 0;
		};
/* End PBXSourcesBuildPhase section */

/* Begin PBXTargetDependency section */
		D5CD80941C676D210001BC67 /* PBXTargetDependency */ = {
			isa = PBXTargetDependency;
			target = D5CD80781C676D210001BC67 /* AlgorithmClubObjectiveC */;
			targetProxy = D5CD80931C676D210001BC67 /* PBXContainerItemProxy */;
		};
/* End PBXTargetDependency section */

/* Begin PBXVariantGroup section */
		D5CD80851C676D210001BC67 /* Main.storyboard */ = {
			isa = PBXVariantGroup;
			children = (
				D5CD80861C676D210001BC67 /* Base */,
			);
			name = Main.storyboard;
			sourceTree = "<group>";
		};
		D5CD808A1C676D210001BC67 /* LaunchScreen.storyboard */ = {
			isa = PBXVariantGroup;
			children = (
				D5CD808B1C676D210001BC67 /* Base */,
			);
			name = LaunchScreen.storyboard;
			sourceTree = "<group>";
		};
/* End PBXVariantGroup section */

/* Begin XCBuildConfiguration section */
		D5CD80991C676D210001BC67 /* Debug */ = {
			isa = XCBuildConfiguration;
			buildSettings = {
				ALWAYS_SEARCH_USER_PATHS = NO;
				CLANG_CXX_LANGUAGE_STANDARD = "gnu++0x";
				CLANG_CXX_LIBRARY = "libc++";
				CLANG_ENABLE_MODULES = YES;
				CLANG_ENABLE_OBJC_ARC = YES;
				CLANG_WARN_BOOL_CONVERSION = YES;
				CLANG_WARN_CONSTANT_CONVERSION = YES;
				CLANG_WARN_DIRECT_OBJC_ISA_USAGE = YES_ERROR;
				CLANG_WARN_EMPTY_BODY = YES;
				CLANG_WARN_ENUM_CONVERSION = YES;
				CLANG_WARN_INT_CONVERSION = YES;
				CLANG_WARN_OBJC_ROOT_CLASS = YES_ERROR;
				CLANG_WARN_UNREACHABLE_CODE = YES;
				CLANG_WARN__DUPLICATE_METHOD_MATCH = YES;
				"CODE_SIGN_IDENTITY[sdk=iphoneos*]" = "iPhone Developer";
				COPY_PHASE_STRIP = NO;
				DEBUG_INFORMATION_FORMAT = dwarf;
				ENABLE_STRICT_OBJC_MSGSEND = YES;
				ENABLE_TESTABILITY = YES;
				GCC_C_LANGUAGE_STANDARD = gnu99;
				GCC_DYNAMIC_NO_PIC = NO;
				GCC_NO_COMMON_BLOCKS = YES;
				GCC_OPTIMIZATION_LEVEL = 0;
				GCC_PREPROCESSOR_DEFINITIONS = (
					"DEBUG=1",
					"$(inherited)",
				);
				GCC_WARN_64_TO_32_BIT_CONVERSION = YES;
				GCC_WARN_ABOUT_RETURN_TYPE = YES_ERROR;
				GCC_WARN_UNDECLARED_SELECTOR = YES;
				GCC_WARN_UNINITIALIZED_AUTOS = YES_AGGRESSIVE;
				GCC_WARN_UNUSED_FUNCTION = YES;
				GCC_WARN_UNUSED_VARIABLE = YES;
				IPHONEOS_DEPLOYMENT_TARGET = 9.2;
				MTL_ENABLE_DEBUG_INFO = YES;
				ONLY_ACTIVE_ARCH = YES;
				SDKROOT = iphoneos;
			};
			name = Debug;
		};
		D5CD809A1C676D210001BC67 /* Release */ = {
			isa = XCBuildConfiguration;
			buildSettings = {
				ALWAYS_SEARCH_USER_PATHS = NO;
				CLANG_CXX_LANGUAGE_STANDARD = "gnu++0x";
				CLANG_CXX_LIBRARY = "libc++";
				CLANG_ENABLE_MODULES = YES;
				CLANG_ENABLE_OBJC_ARC = YES;
				CLANG_WARN_BOOL_CONVERSION = YES;
				CLANG_WARN_CONSTANT_CONVERSION = YES;
				CLANG_WARN_DIRECT_OBJC_ISA_USAGE = YES_ERROR;
				CLANG_WARN_EMPTY_BODY = YES;
				CLANG_WARN_ENUM_CONVERSION = YES;
				CLANG_WARN_INT_CONVERSION = YES;
				CLANG_WARN_OBJC_ROOT_CLASS = YES_ERROR;
				CLANG_WARN_UNREACHABLE_CODE = YES;
				CLANG_WARN__DUPLICATE_METHOD_MATCH = YES;
				"CODE_SIGN_IDENTITY[sdk=iphoneos*]" = "iPhone Developer";
				COPY_PHASE_STRIP = NO;
				DEBUG_INFORMATION_FORMAT = "dwarf-with-dsym";
				ENABLE_NS_ASSERTIONS = NO;
				ENABLE_STRICT_OBJC_MSGSEND = YES;
				GCC_C_LANGUAGE_STANDARD = gnu99;
				GCC_NO_COMMON_BLOCKS = YES;
				GCC_WARN_64_TO_32_BIT_CONVERSION = YES;
				GCC_WARN_ABOUT_RETURN_TYPE = YES_ERROR;
				GCC_WARN_UNDECLARED_SELECTOR = YES;
				GCC_WARN_UNINITIALIZED_AUTOS = YES_AGGRESSIVE;
				GCC_WARN_UNUSED_FUNCTION = YES;
				GCC_WARN_UNUSED_VARIABLE = YES;
				IPHONEOS_DEPLOYMENT_TARGET = 9.2;
				MTL_ENABLE_DEBUG_INFO = NO;
				SDKROOT = iphoneos;
				VALIDATE_PRODUCT = YES;
			};
			name = Release;
		};
		D5CD809C1C676D210001BC67 /* Debug */ = {
			isa = XCBuildConfiguration;
			buildSettings = {
				ASSETCATALOG_COMPILER_APPICON_NAME = AppIcon;
				INFOPLIST_FILE = AlgorithmClubObjectiveC/Info.plist;
				LD_RUNPATH_SEARCH_PATHS = "$(inherited) @executable_path/Frameworks";
				PRODUCT_BUNDLE_IDENTIFIER = com.panovdev.AlgorithmClubObjectiveC;
				PRODUCT_NAME = "$(TARGET_NAME)";
			};
			name = Debug;
		};
		D5CD809D1C676D210001BC67 /* Release */ = {
			isa = XCBuildConfiguration;
			buildSettings = {
				ASSETCATALOG_COMPILER_APPICON_NAME = AppIcon;
				INFOPLIST_FILE = AlgorithmClubObjectiveC/Info.plist;
				LD_RUNPATH_SEARCH_PATHS = "$(inherited) @executable_path/Frameworks";
				PRODUCT_BUNDLE_IDENTIFIER = com.panovdev.AlgorithmClubObjectiveC;
				PRODUCT_NAME = "$(TARGET_NAME)";
			};
			name = Release;
		};
		D5CD809F1C676D210001BC67 /* Debug */ = {
			isa = XCBuildConfiguration;
			buildSettings = {
				BUNDLE_LOADER = "$(TEST_HOST)";
				INFOPLIST_FILE = AlgorithmClubObjectiveCTests/Info.plist;
				LD_RUNPATH_SEARCH_PATHS = "$(inherited) @executable_path/Frameworks @loader_path/Frameworks";
				PRODUCT_BUNDLE_IDENTIFIER = com.panovdev.AlgorithmClubObjectiveCTests;
				PRODUCT_NAME = "$(TARGET_NAME)";
				TEST_HOST = "$(BUILT_PRODUCTS_DIR)/AlgorithmClubObjectiveC.app/AlgorithmClubObjectiveC";
			};
			name = Debug;
		};
		D5CD80A01C676D210001BC67 /* Release */ = {
			isa = XCBuildConfiguration;
			buildSettings = {
				BUNDLE_LOADER = "$(TEST_HOST)";
				INFOPLIST_FILE = AlgorithmClubObjectiveCTests/Info.plist;
				LD_RUNPATH_SEARCH_PATHS = "$(inherited) @executable_path/Frameworks @loader_path/Frameworks";
				PRODUCT_BUNDLE_IDENTIFIER = com.panovdev.AlgorithmClubObjectiveCTests;
				PRODUCT_NAME = "$(TARGET_NAME)";
				TEST_HOST = "$(BUILT_PRODUCTS_DIR)/AlgorithmClubObjectiveC.app/AlgorithmClubObjectiveC";
			};
			name = Release;
		};
/* End XCBuildConfiguration section */

/* Begin XCConfigurationList section */
		D5CD80741C676D210001BC67 /* Build configuration list for PBXProject "AlgorithmClubObjectiveC" */ = {
			isa = XCConfigurationList;
			buildConfigurations = (
				D5CD80991C676D210001BC67 /* Debug */,
				D5CD809A1C676D210001BC67 /* Release */,
			);
			defaultConfigurationIsVisible = 0;
			defaultConfigurationName = Release;
		};
		D5CD809B1C676D210001BC67 /* Build configuration list for PBXNativeTarget "AlgorithmClubObjectiveC" */ = {
			isa = XCConfigurationList;
			buildConfigurations = (
				D5CD809C1C676D210001BC67 /* Debug */,
				D5CD809D1C676D210001BC67 /* Release */,
			);
			defaultConfigurationIsVisible = 0;
			defaultConfigurationName = Release;
		};
		D5CD809E1C676D210001BC67 /* Build configuration list for PBXNativeTarget "AlgorithmClubObjectiveCTests" */ = {
			isa = XCConfigurationList;
			buildConfigurations = (
				D5CD809F1C676D210001BC67 /* Debug */,
				D5CD80A01C676D210001BC67 /* Release */,
			);
			defaultConfigurationIsVisible = 0;
			defaultConfigurationName = Release;
		};
/* End XCConfigurationList section */
	};
	rootObject = D5CD80711C676D210001BC67 /* Project object */;
}
