// !$*UTF8*$!
{
	archiveVersion = 1;
	classes = {
	};
	objectVersion = 46;
	objects = {

/* Begin PBXBuildFile section */
		D541CB581C724ECA00CF6F7C /* AppDelegate.swift in Sources */ = {isa = PBXBuildFile; fileRef = D541CB571C724ECA00CF6F7C /* AppDelegate.swift */; };
		D541CB5A1C724ECA00CF6F7C /* ViewController.swift in Sources */ = {isa = PBXBuildFile; fileRef = D541CB591C724ECA00CF6F7C /* ViewController.swift */; };
		D541CB5D1C724ECA00CF6F7C /* Main.storyboard in Resources */ = {isa = PBXBuildFile; fileRef = D541CB5B1C724ECA00CF6F7C /* Main.storyboard */; };
		D541CB5F1C724ECA00CF6F7C /* Assets.xcassets in Resources */ = {isa = PBXBuildFile; fileRef = D541CB5E1C724ECA00CF6F7C /* Assets.xcassets */; };
		D541CB621C724ECA00CF6F7C /* LaunchScreen.storyboard in Resources */ = {isa = PBXBuildFile; fileRef = D541CB601C724ECA00CF6F7C /* LaunchScreen.storyboard */; };
		D541CB6A1C724F2000CF6F7C /* MergeSort.swift in Sources */ = {isa = PBXBuildFile; fileRef = D541CB691C724F2000CF6F7C /* MergeSort.swift */; };
/* End PBXBuildFile section */

/* Begin PBXFileReference section */
		D541CB541C724ECA00CF6F7C /* AlgorithmClubSwift.app */ = {isa = PBXFileReference; explicitFileType = wrapper.application; includeInIndex = 0; path = AlgorithmClubSwift.app; sourceTree = BUILT_PRODUCTS_DIR; };
		D541CB571C724ECA00CF6F7C /* AppDelegate.swift */ = {isa = PBXFileReference; lastKnownFileType = sourcecode.swift; path = AppDelegate.swift; sourceTree = "<group>"; };
		D541CB591C724ECA00CF6F7C /* ViewController.swift */ = {isa = PBXFileReference; lastKnownFileType = sourcecode.swift; path = ViewController.swift; sourceTree = "<group>"; };
		D541CB5C1C724ECA00CF6F7C /* Base */ = {isa = PBXFileReference; lastKnownFileType = file.storyboard; name = Base; path = Base.lproj/Main.storyboard; sourceTree = "<group>"; };
		D541CB5E1C724ECA00CF6F7C /* Assets.xcassets */ = {isa = PBXFileReference; lastKnownFileType = folder.assetcatalog; path = Assets.xcassets; sourceTree = "<group>"; };
		D541CB611C724ECA00CF6F7C /* Base */ = {isa = PBXFileReference; lastKnownFileType = file.storyboard; name = Base; path = Base.lproj/LaunchScreen.storyboard; sourceTree = "<group>"; };
		D541CB631C724ECA00CF6F7C /* Info.plist */ = {isa = PBXFileReference; lastKnownFileType = text.plist.xml; path = Info.plist; sourceTree = "<group>"; };
		D541CB691C724F2000CF6F7C /* MergeSort.swift */ = {isa = PBXFileReference; fileEncoding = 4; lastKnownFileType = sourcecode.swift; name = MergeSort.swift; path = Algorithms/MergeSort.swift; sourceTree = "<group>"; };
/* End PBXFileReference section */

/* Begin PBXFrameworksBuildPhase section */
		D541CB511C724ECA00CF6F7C /* Frameworks */ = {
			isa = PBXFrameworksBuildPhase;
			buildActionMask = 2147483647;
			files = (
			);
			runOnlyForDeploymentPostprocessing = 0;
		};
/* End PBXFrameworksBuildPhase section */

/* Begin PBXGroup section */
		D541CB4B1C724ECA00CF6F7C = {
			isa = PBXGroup;
			children = (
				D541CB561C724ECA00CF6F7C /* AlgorithmClubSwift */,
				D541CB551C724ECA00CF6F7C /* Products */,
			);
			sourceTree = "<group>";
		};
		D541CB551C724ECA00CF6F7C /* Products */ = {
			isa = PBXGroup;
			children = (
				D541CB541C724ECA00CF6F7C /* AlgorithmClubSwift.app */,
			);
			name = Products;
			sourceTree = "<group>";
		};
		D541CB561C724ECA00CF6F7C /* AlgorithmClubSwift */ = {
			isa = PBXGroup;
			children = (
				D541CB571C724ECA00CF6F7C /* AppDelegate.swift */,
				D541CB591C724ECA00CF6F7C /* ViewController.swift */,
				D541CB6B1C724F2500CF6F7C /* Algorithms */,
				D541CB5B1C724ECA00CF6F7C /* Main.storyboard */,
				D541CB5E1C724ECA00CF6F7C /* Assets.xcassets */,
				D541CB601C724ECA00CF6F7C /* LaunchScreen.storyboard */,
				D541CB631C724ECA00CF6F7C /* Info.plist */,
			);
			path = AlgorithmClubSwift;
			sourceTree = "<group>";
		};
		D541CB6B1C724F2500CF6F7C /* Algorithms */ = {
			isa = PBXGroup;
			children = (
				D541CB691C724F2000CF6F7C /* MergeSort.swift */,
			);
			name = Algorithms;
			sourceTree = "<group>";
		};
/* End PBXGroup section */

/* Begin PBXNativeTarget section */
		D541CB531C724ECA00CF6F7C /* AlgorithmClubSwift */ = {
			isa = PBXNativeTarget;
			buildConfigurationList = D541CB661C724ECA00CF6F7C /* Build configuration list for PBXNativeTarget "AlgorithmClubSwift" */;
			buildPhases = (
				D541CB501C724ECA00CF6F7C /* Sources */,
				D541CB511C724ECA00CF6F7C /* Frameworks */,
				D541CB521C724ECA00CF6F7C /* Resources */,
			);
			buildRules = (
			);
			dependencies = (
			);
			name = AlgorithmClubSwift;
			productName = AlgorithmClubSwift;
			productReference = D541CB541C724ECA00CF6F7C /* AlgorithmClubSwift.app */;
			productType = "com.apple.product-type.application";
		};
/* End PBXNativeTarget section */

/* Begin PBXProject section */
		D541CB4C1C724ECA00CF6F7C /* Project object */ = {
			isa = PBXProject;
			attributes = {
				LastSwiftUpdateCheck = 0720;
				LastUpgradeCheck = 0720;
				ORGANIZATIONNAME = "Andrey Panov";
				TargetAttributes = {
					D541CB531C724ECA00CF6F7C = {
						CreatedOnToolsVersion = 7.2.1;
					};
				};
			};
			buildConfigurationList = D541CB4F1C724ECA00CF6F7C /* Build configuration list for PBXProject "AlgorithmClubSwift" */;
			compatibilityVersion = "Xcode 3.2";
			developmentRegion = English;
			hasScannedForEncodings = 0;
			knownRegions = (
				en,
				Base,
			);
			mainGroup = D541CB4B1C724ECA00CF6F7C;
			productRefGroup = D541CB551C724ECA00CF6F7C /* Products */;
			projectDirPath = "";
			projectRoot = "";
			targets = (
				D541CB531C724ECA00CF6F7C /* AlgorithmClubSwift */,
			);
		};
/* End PBXProject section */

/* Begin PBXResourcesBuildPhase section */
		D541CB521C724ECA00CF6F7C /* Resources */ = {
			isa = PBXResourcesBuildPhase;
			buildActionMask = 2147483647;
			files = (
				D541CB621C724ECA00CF6F7C /* LaunchScreen.storyboard in Resources */,
				D541CB5F1C724ECA00CF6F7C /* Assets.xcassets in Resources */,
				D541CB5D1C724ECA00CF6F7C /* Main.storyboard in Resources */,
			);
			runOnlyForDeploymentPostprocessing = 0;
		};
/* End PBXResourcesBuildPhase section */

/* Begin PBXSourcesBuildPhase section */
		D541CB501C724ECA00CF6F7C /* Sources */ = {
			isa = PBXSourcesBuildPhase;
			buildActionMask = 2147483647;
			files = (
				D541CB5A1C724ECA00CF6F7C /* ViewController.swift in Sources */,
				D541CB6A1C724F2000CF6F7C /* MergeSort.swift in Sources */,
				D541CB581C724ECA00CF6F7C /* AppDelegate.swift in Sources */,
			);
			runOnlyForDeploymentPostprocessing = 0;
		};
/* End PBXSourcesBuildPhase section */

/* Begin PBXVariantGroup section */
		D541CB5B1C724ECA00CF6F7C /* Main.storyboard */ = {
			isa = PBXVariantGroup;
			children = (
				D541CB5C1C724ECA00CF6F7C /* Base */,
			);
			name = Main.storyboard;
			sourceTree = "<group>";
		};
		D541CB601C724ECA00CF6F7C /* LaunchScreen.storyboard */ = {
			isa = PBXVariantGroup;
			children = (
				D541CB611C724ECA00CF6F7C /* Base */,
			);
			name = LaunchScreen.storyboard;
			sourceTree = "<group>";
		};
/* End PBXVariantGroup section */

/* Begin XCBuildConfiguration section */
		D541CB641C724ECA00CF6F7C /* Debug */ = {
			isa = XCBuildConfiguration;
			buildSettings = {
				ALWAYS_SEARCH_USER_PATHS = NO;
				CLANG_CXX_LANGUAGE_STANDARD = "gnu++0x";
				CLANG_CXX_LIBRARY = "libc++";
				CLANG_ENABLE_MODULES = YES;
				CLANG_ENABLE_OBJC_ARC = YES;
				CLANG_WARN_BOOL_CONVERSION = YES;
				CLANG_WARN_CONSTANT_CONVERSION = YES;
				CLANG_WARN_DIRECT_OBJC_ISA_USAGE = YES_ERROR;
				CLANG_WARN_EMPTY_BODY = YES;
				CLANG_WARN_ENUM_CONVERSION = YES;
				CLANG_WARN_INT_CONVERSION = YES;
				CLANG_WARN_OBJC_ROOT_CLASS = YES_ERROR;
				CLANG_WARN_UNREACHABLE_CODE = YES;
				CLANG_WARN__DUPLICATE_METHOD_MATCH = YES;
				"CODE_SIGN_IDENTITY[sdk=iphoneos*]" = "iPhone Developer";
				COPY_PHASE_STRIP = NO;
				DEBUG_INFORMATION_FORMAT = dwarf;
				ENABLE_STRICT_OBJC_MSGSEND = YES;
				ENABLE_TESTABILITY = YES;
				GCC_C_LANGUAGE_STANDARD = gnu99;
				GCC_DYNAMIC_NO_PIC = NO;
				GCC_NO_COMMON_BLOCKS = YES;
				GCC_OPTIMIZATION_LEVEL = 0;
				GCC_PREPROCESSOR_DEFINITIONS = (
					"DEBUG=1",
					"$(inherited)",
				);
				GCC_WARN_64_TO_32_BIT_CONVERSION = YES;
				GCC_WARN_ABOUT_RETURN_TYPE = YES_ERROR;
				GCC_WARN_UNDECLARED_SELECTOR = YES;
				GCC_WARN_UNINITIALIZED_AUTOS = YES_AGGRESSIVE;
				GCC_WARN_UNUSED_FUNCTION = YES;
				GCC_WARN_UNUSED_VARIABLE = YES;
				IPHONEOS_DEPLOYMENT_TARGET = 9.2;
				MTL_ENABLE_DEBUG_INFO = YES;
				ONLY_ACTIVE_ARCH = YES;
				SDKROOT = iphoneos;
				SWIFT_OPTIMIZATION_LEVEL = "-Onone";
			};
			name = Debug;
		};
		D541CB651C724ECA00CF6F7C /* Release */ = {
			isa = XCBuildConfiguration;
			buildSettings = {
				ALWAYS_SEARCH_USER_PATHS = NO;
				CLANG_CXX_LANGUAGE_STANDARD = "gnu++0x";
				CLANG_CXX_LIBRARY = "libc++";
				CLANG_ENABLE_MODULES = YES;
				CLANG_ENABLE_OBJC_ARC = YES;
				CLANG_WARN_BOOL_CONVERSION = YES;
				CLANG_WARN_CONSTANT_CONVERSION = YES;
				CLANG_WARN_DIRECT_OBJC_ISA_USAGE = YES_ERROR;
				CLANG_WARN_EMPTY_BODY = YES;
				CLANG_WARN_ENUM_CONVERSION = YES;
				CLANG_WARN_INT_CONVERSION = YES;
				CLANG_WARN_OBJC_ROOT_CLASS = YES_ERROR;
				CLANG_WARN_UNREACHABLE_CODE = YES;
				CLANG_WARN__DUPLICATE_METHOD_MATCH = YES;
				"CODE_SIGN_IDENTITY[sdk=iphoneos*]" = "iPhone Developer";
				COPY_PHASE_STRIP = NO;
				DEBUG_INFORMATION_FORMAT = "dwarf-with-dsym";
				ENABLE_NS_ASSERTIONS = NO;
				ENABLE_STRICT_OBJC_MSGSEND = YES;
				GCC_C_LANGUAGE_STANDARD = gnu99;
				GCC_NO_COMMON_BLOCKS = YES;
				GCC_WARN_64_TO_32_BIT_CONVERSION = YES;
				GCC_WARN_ABOUT_RETURN_TYPE = YES_ERROR;
				GCC_WARN_UNDECLARED_SELECTOR = YES;
				GCC_WARN_UNINITIALIZED_AUTOS = YES_AGGRESSIVE;
				GCC_WARN_UNUSED_FUNCTION = YES;
				GCC_WARN_UNUSED_VARIABLE = YES;
				IPHONEOS_DEPLOYMENT_TARGET = 9.2;
				MTL_ENABLE_DEBUG_INFO = NO;
				SDKROOT = iphoneos;
				VALIDATE_PRODUCT = YES;
			};
			name = Release;
		};
		D541CB671C724ECA00CF6F7C /* Debug */ = {
			isa = XCBuildConfiguration;
			buildSettings = {
				ASSETCATALOG_COMPILER_APPICON_NAME = AppIcon;
				INFOPLIST_FILE = AlgorithmClubSwift/Info.plist;
				LD_RUNPATH_SEARCH_PATHS = "$(inherited) @executable_path/Frameworks";
				PRODUCT_BUNDLE_IDENTIFIER = com.panovdev.AlgorithmClubSwift;
				PRODUCT_NAME = "$(TARGET_NAME)";
			};
			name = Debug;
		};
		D541CB681C724ECA00CF6F7C /* Release */ = {
			isa = XCBuildConfiguration;
			buildSettings = {
				ASSETCATALOG_COMPILER_APPICON_NAME = AppIcon;
				INFOPLIST_FILE = AlgorithmClubSwift/Info.plist;
				LD_RUNPATH_SEARCH_PATHS = "$(inherited) @executable_path/Frameworks";
				PRODUCT_BUNDLE_IDENTIFIER = com.panovdev.AlgorithmClubSwift;
				PRODUCT_NAME = "$(TARGET_NAME)";
			};
			name = Release;
		};
/* End XCBuildConfiguration section */

/* Begin XCConfigurationList section */
		D541CB4F1C724ECA00CF6F7C /* Build configuration list for PBXProject "AlgorithmClubSwift" */ = {
			isa = XCConfigurationList;
			buildConfigurations = (
				D541CB641C724ECA00CF6F7C /* Debug */,
				D541CB651C724ECA00CF6F7C /* Release */,
			);
			defaultConfigurationIsVisible = 0;
			defaultConfigurationName = Release;
		};
		D541CB661C724ECA00CF6F7C /* Build configuration list for PBXNativeTarget "AlgorithmClubSwift" */ = {
			isa = XCConfigurationList;
			buildConfigurations = (
				D541CB671C724ECA00CF6F7C /* Debug */,
				D541CB681C724ECA00CF6F7C /* Release */,
			);
			defaultConfigurationIsVisible = 0;
		};
/* End XCConfigurationList section */
	};
	rootObject = D541CB4C1C724ECA00CF6F7C /* Project object */;
}
