// !$*UTF8*$!
{
	archiveVersion = 1;
	classes = {
	};
	objectVersion = 46;
	objects = {

/* Begin PBXBuildFile section */
		D522A4EA1C724C0900B0BB4E /* AppDelegate.swift in Sources */ = {isa = PBXBuildFile; fileRef = D522A4E91C724C0900B0BB4E /* AppDelegate.swift */; };
		D522A4EC1C724C0900B0BB4E /* ViewController.swift in Sources */ = {isa = PBXBuildFile; fileRef = D522A4EB1C724C0900B0BB4E /* ViewController.swift */; };
		D522A4EF1C724C0900B0BB4E /* Main.storyboard in Resources */ = {isa = PBXBuildFile; fileRef = D522A4ED1C724C0900B0BB4E /* Main.storyboard */; };
		D522A4F11C724C0900B0BB4E /* Assets.xcassets in Resources */ = {isa = PBXBuildFile; fileRef = D522A4F01C724C0900B0BB4E /* Assets.xcassets */; };
		D522A4F41C724C0900B0BB4E /* LaunchScreen.storyboard in Resources */ = {isa = PBXBuildFile; fileRef = D522A4F21C724C0900B0BB4E /* LaunchScreen.storyboard */; };
/* End PBXBuildFile section */

/* Begin PBXFileReference section */
		D522A4E61C724C0900B0BB4E /* AlgorithmClubSwift.app */ = {isa = PBXFileReference; explicitFileType = wrapper.application; includeInIndex = 0; path = AlgorithmClubSwift.app; sourceTree = BUILT_PRODUCTS_DIR; };
		D522A4E91C724C0900B0BB4E /* AppDelegate.swift */ = {isa = PBXFileReference; lastKnownFileType = sourcecode.swift; path = AppDelegate.swift; sourceTree = "<group>"; };
		D522A4EB1C724C0900B0BB4E /* ViewController.swift */ = {isa = PBXFileReference; lastKnownFileType = sourcecode.swift; path = ViewController.swift; sourceTree = "<group>"; };
		D522A4EE1C724C0900B0BB4E /* Base */ = {isa = PBXFileReference; lastKnownFileType = file.storyboard; name = Base; path = Base.lproj/Main.storyboard; sourceTree = "<group>"; };
		D522A4F01C724C0900B0BB4E /* Assets.xcassets */ = {isa = PBXFileReference; lastKnownFileType = folder.assetcatalog; path = Assets.xcassets; sourceTree = "<group>"; };
		D522A4F31C724C0900B0BB4E /* Base */ = {isa = PBXFileReference; lastKnownFileType = file.storyboard; name = Base; path = Base.lproj/LaunchScreen.storyboard; sourceTree = "<group>"; };
		D522A4F51C724C0900B0BB4E /* Info.plist */ = {isa = PBXFileReference; lastKnownFileType = text.plist.xml; path = Info.plist; sourceTree = "<group>"; };
/* End PBXFileReference section */

/* Begin PBXFrameworksBuildPhase section */
		D522A4E31C724C0900B0BB4E /* Frameworks */ = {
			isa = PBXFrameworksBuildPhase;
			buildActionMask = 2147483647;
			files = (
			);
			runOnlyForDeploymentPostprocessing = 0;
		};
/* End PBXFrameworksBuildPhase section */

/* Begin PBXGroup section */
		D522A4DD1C724C0900B0BB4E = {
			isa = PBXGroup;
			children = (
				D522A4E81C724C0900B0BB4E /* AlgorithmClubSwift */,
				D522A4E71C724C0900B0BB4E /* Products */,
			);
			sourceTree = "<group>";
		};
		D522A4E71C724C0900B0BB4E /* Products */ = {
			isa = PBXGroup;
			children = (
				D522A4E61C724C0900B0BB4E /* AlgorithmClubSwift.app */,
			);
			name = Products;
			sourceTree = "<group>";
		};
		D522A4E81C724C0900B0BB4E /* AlgorithmClubSwift */ = {
			isa = PBXGroup;
			children = (
				D522A4E91C724C0900B0BB4E /* AppDelegate.swift */,
				D522A4EB1C724C0900B0BB4E /* ViewController.swift */,
				D522A4ED1C724C0900B0BB4E /* Main.storyboard */,
				D522A4F01C724C0900B0BB4E /* Assets.xcassets */,
				D522A4F21C724C0900B0BB4E /* LaunchScreen.storyboard */,
				D522A4F51C724C0900B0BB4E /* Info.plist */,
			);
			path = AlgorithmClubSwift;
			sourceTree = "<group>";
		};
/* End PBXGroup section */

/* Begin PBXNativeTarget section */
		D522A4E51C724C0900B0BB4E /* AlgorithmClubSwift */ = {
			isa = PBXNativeTarget;
			buildConfigurationList = D522A4F81C724C0900B0BB4E /* Build configuration list for PBXNativeTarget "AlgorithmClubSwift" */;
			buildPhases = (
				D522A4E21C724C0900B0BB4E /* Sources */,
				D522A4E31C724C0900B0BB4E /* Frameworks */,
				D522A4E41C724C0900B0BB4E /* Resources */,
			);
			buildRules = (
			);
			dependencies = (
			);
			name = AlgorithmClubSwift;
			productName = AlgorithmClubSwift;
			productReference = D522A4E61C724C0900B0BB4E /* AlgorithmClubSwift.app */;
			productType = "com.apple.product-type.application";
		};
/* End PBXNativeTarget section */

/* Begin PBXProject section */
		D522A4DE1C724C0900B0BB4E /* Project object */ = {
			isa = PBXProject;
			attributes = {
				LastSwiftUpdateCheck = 0720;
				LastUpgradeCheck = 0720;
				ORGANIZATIONNAME = "Andrey Panov";
				TargetAttributes = {
					D522A4E51C724C0900B0BB4E = {
						CreatedOnToolsVersion = 7.2.1;
					};
				};
			};
			buildConfigurationList = D522A4E11C724C0900B0BB4E /* Build configuration list for PBXProject "AlgorithmClubSwift" */;
			compatibilityVersion = "Xcode 3.2";
			developmentRegion = English;
			hasScannedForEncodings = 0;
			knownRegions = (
				en,
				Base,
			);
			mainGroup = D522A4DD1C724C0900B0BB4E;
			productRefGroup = D522A4E71C724C0900B0BB4E /* Products */;
			projectDirPath = "";
			projectRoot = "";
			targets = (
				D522A4E51C724C0900B0BB4E /* AlgorithmClubSwift */,
			);
		};
/* End PBXProject section */

/* Begin PBXResourcesBuildPhase section */
		D522A4E41C724C0900B0BB4E /* Resources */ = {
			isa = PBXResourcesBuildPhase;
			buildActionMask = 2147483647;
			files = (
				D522A4F41C724C0900B0BB4E /* LaunchScreen.storyboard in Resources */,
				D522A4F11C724C0900B0BB4E /* Assets.xcassets in Resources */,
				D522A4EF1C724C0900B0BB4E /* Main.storyboard in Resources */,
			);
			runOnlyForDeploymentPostprocessing = 0;
		};
/* End PBXResourcesBuildPhase section */

/* Begin PBXSourcesBuildPhase section */
		D522A4E21C724C0900B0BB4E /* Sources */ = {
			isa = PBXSourcesBuildPhase;
			buildActionMask = 2147483647;
			files = (
				D522A4EC1C724C0900B0BB4E /* ViewController.swift in Sources */,
				D522A4EA1C724C0900B0BB4E /* AppDelegate.swift in Sources */,
			);
			runOnlyForDeploymentPostprocessing = 0;
		};
/* End PBXSourcesBuildPhase section */

/* Begin PBXVariantGroup section */
		D522A4ED1C724C0900B0BB4E /* Main.storyboard */ = {
			isa = PBXVariantGroup;
			children = (
				D522A4EE1C724C0900B0BB4E /* Base */,
			);
			name = Main.storyboard;
			sourceTree = "<group>";
		};
		D522A4F21C724C0900B0BB4E /* LaunchScreen.storyboard */ = {
			isa = PBXVariantGroup;
			children = (
				D522A4F31C724C0900B0BB4E /* Base */,
			);
			name = LaunchScreen.storyboard;
			sourceTree = "<group>";
		};
/* End PBXVariantGroup section */

/* Begin XCBuildConfiguration section */
		D522A4F61C724C0900B0BB4E /* Debug */ = {
			isa = XCBuildConfiguration;
			buildSettings = {
				ALWAYS_SEARCH_USER_PATHS = NO;
				CLANG_CXX_LANGUAGE_STANDARD = "gnu++0x";
				CLANG_CXX_LIBRARY = "libc++";
				CLANG_ENABLE_MODULES = YES;
				CLANG_ENABLE_OBJC_ARC = YES;
				CLANG_WARN_BOOL_CONVERSION = YES;
				CLANG_WARN_CONSTANT_CONVERSION = YES;
				CLANG_WARN_DIRECT_OBJC_ISA_USAGE = YES_ERROR;
				CLANG_WARN_EMPTY_BODY = YES;
				CLANG_WARN_ENUM_CONVERSION = YES;
				CLANG_WARN_INT_CONVERSION = YES;
				CLANG_WARN_OBJC_ROOT_CLASS = YES_ERROR;
				CLANG_WARN_UNREACHABLE_CODE = YES;
				CLANG_WARN__DUPLICATE_METHOD_MATCH = YES;
				"CODE_SIGN_IDENTITY[sdk=iphoneos*]" = "iPhone Developer";
				COPY_PHASE_STRIP = NO;
				DEBUG_INFORMATION_FORMAT = dwarf;
				ENABLE_STRICT_OBJC_MSGSEND = YES;
				ENABLE_TESTABILITY = YES;
				GCC_C_LANGUAGE_STANDARD = gnu99;
				GCC_DYNAMIC_NO_PIC = NO;
				GCC_NO_COMMON_BLOCKS = YES;
				GCC_OPTIMIZATION_LEVEL = 0;
				GCC_PREPROCESSOR_DEFINITIONS = (
					"DEBUG=1",
					"$(inherited)",
				);
				GCC_WARN_64_TO_32_BIT_CONVERSION = YES;
				GCC_WARN_ABOUT_RETURN_TYPE = YES_ERROR;
				GCC_WARN_UNDECLARED_SELECTOR = YES;
				GCC_WARN_UNINITIALIZED_AUTOS = YES_AGGRESSIVE;
				GCC_WARN_UNUSED_FUNCTION = YES;
				GCC_WARN_UNUSED_VARIABLE = YES;
				IPHONEOS_DEPLOYMENT_TARGET = 9.2;
				MTL_ENABLE_DEBUG_INFO = YES;
				ONLY_ACTIVE_ARCH = YES;
				SDKROOT = iphoneos;
				SWIFT_OPTIMIZATION_LEVEL = "-Onone";
			};
			name = Debug;
		};
		D522A4F71C724C0900B0BB4E /* Release */ = {
			isa = XCBuildConfiguration;
			buildSettings = {
				ALWAYS_SEARCH_USER_PATHS = NO;
				CLANG_CXX_LANGUAGE_STANDARD = "gnu++0x";
				CLANG_CXX_LIBRARY = "libc++";
				CLANG_ENABLE_MODULES = YES;
				CLANG_ENABLE_OBJC_ARC = YES;
				CLANG_WARN_BOOL_CONVERSION = YES;
				CLANG_WARN_CONSTANT_CONVERSION = YES;
				CLANG_WARN_DIRECT_OBJC_ISA_USAGE = YES_ERROR;
				CLANG_WARN_EMPTY_BODY = YES;
				CLANG_WARN_ENUM_CONVERSION = YES;
				CLANG_WARN_INT_CONVERSION = YES;
				CLANG_WARN_OBJC_ROOT_CLASS = YES_ERROR;
				CLANG_WARN_UNREACHABLE_CODE = YES;
				CLANG_WARN__DUPLICATE_METHOD_MATCH = YES;
				"CODE_SIGN_IDENTITY[sdk=iphoneos*]" = "iPhone Developer";
				COPY_PHASE_STRIP = NO;
				DEBUG_INFORMATION_FORMAT = "dwarf-with-dsym";
				ENABLE_NS_ASSERTIONS = NO;
				ENABLE_STRICT_OBJC_MSGSEND = YES;
				GCC_C_LANGUAGE_STANDARD = gnu99;
				GCC_NO_COMMON_BLOCKS = YES;
				GCC_WARN_64_TO_32_BIT_CONVERSION = YES;
				GCC_WARN_ABOUT_RETURN_TYPE = YES_ERROR;
				GCC_WARN_UNDECLARED_SELECTOR = YES;
				GCC_WARN_UNINITIALIZED_AUTOS = YES_AGGRESSIVE;
				GCC_WARN_UNUSED_FUNCTION = YES;
				GCC_WARN_UNUSED_VARIABLE = YES;
				IPHONEOS_DEPLOYMENT_TARGET = 9.2;
				MTL_ENABLE_DEBUG_INFO = NO;
				SDKROOT = iphoneos;
				VALIDATE_PRODUCT = YES;
			};
			name = Release;
		};
		D522A4F91C724C0900B0BB4E /* Debug */ = {
			isa = XCBuildConfiguration;
			buildSettings = {
				ASSETCATALOG_COMPILER_APPICON_NAME = AppIcon;
				INFOPLIST_FILE = AlgorithmClubSwift/Info.plist;
				LD_RUNPATH_SEARCH_PATHS = "$(inherited) @executable_path/Frameworks";
				PRODUCT_BUNDLE_IDENTIFIER = com.panovdev.AlgorithmClubSwift;
				PRODUCT_NAME = "$(TARGET_NAME)";
			};
			name = Debug;
		};
		D522A4FA1C724C0900B0BB4E /* Release */ = {
			isa = XCBuildConfiguration;
			buildSettings = {
				ASSETCATALOG_COMPILER_APPICON_NAME = AppIcon;
				INFOPLIST_FILE = AlgorithmClubSwift/Info.plist;
				LD_RUNPATH_SEARCH_PATHS = "$(inherited) @executable_path/Frameworks";
				PRODUCT_BUNDLE_IDENTIFIER = com.panovdev.AlgorithmClubSwift;
				PRODUCT_NAME = "$(TARGET_NAME)";
			};
			name = Release;
		};
/* End XCBuildConfiguration section */

/* Begin XCConfigurationList section */
		D522A4E11C724C0900B0BB4E /* Build configuration list for PBXProject "AlgorithmClubSwift" */ = {
			isa = XCConfigurationList;
			buildConfigurations = (
				D522A4F61C724C0900B0BB4E /* Debug */,
				D522A4F71C724C0900B0BB4E /* Release */,
			);
			defaultConfigurationIsVisible = 0;
			defaultConfigurationName = Release;
		};
		D522A4F81C724C0900B0BB4E /* Build configuration list for PBXNativeTarget "AlgorithmClubSwift" */ = {
			isa = XCConfigurationList;
			buildConfigurations = (
				D522A4F91C724C0900B0BB4E /* Debug */,
				D522A4FA1C724C0900B0BB4E /* Release */,
			);
			defaultConfigurationIsVisible = 0;
		};
/* End XCConfigurationList section */
	};
	rootObject = D522A4DE1C724C0900B0BB4E /* Project object */;
}
