// !$*UTF8*$!
{
	archiveVersion = 1;
	classes = {
	};
	objectVersion = 48;
	objects = {

/* Begin PBXBuildFile section */
		0E98308E292AA8B100D04812 /* BinarySearch.swift in Sources */ = {isa = PBXBuildFile; fileRef = 0E98308D292AA8B100D04812 /* BinarySearch.swift */; };
		0E983090292AB5C700D04812 /* FirstBadVersion.swift in Sources */ = {isa = PBXBuildFile; fileRef = 0E98308F292AB5C700D04812 /* FirstBadVersion.swift */; };
		0E983092292C078800D04812 /* SearchInsertPosition.swift in Sources */ = {isa = PBXBuildFile; fileRef = 0E983091292C078800D04812 /* SearchInsertPosition.swift */; };
		0E983094292D557300D04812 /* SquaresOfSortedArray.swift in Sources */ = {isa = PBXBuildFile; fileRef = 0E983093292D557300D04812 /* SquaresOfSortedArray.swift */; };
		0E983096292D585900D04812 /* RotateArray.swift in Sources */ = {isa = PBXBuildFile; fileRef = 0E983095292D585900D04812 /* RotateArray.swift */; };
		0E983098292DE65A00D04812 /* MoveZeroes.swift in Sources */ = {isa = PBXBuildFile; fileRef = 0E983097292DE65A00D04812 /* MoveZeroes.swift */; };
		0E98309A2930021400D04812 /* TwoSumIIInputArrayIsSorted.swift in Sources */ = {isa = PBXBuildFile; fileRef = 0E9830992930021400D04812 /* TwoSumIIInputArrayIsSorted.swift */; };
		0E98309C2931490A00D04812 /* ReverseString.swift in Sources */ = {isa = PBXBuildFile; fileRef = 0E98309B2931490A00D04812 /* ReverseString.swift */; };
		0E98309E2931503F00D04812 /* ReverseWordsinStringIII.swift in Sources */ = {isa = PBXBuildFile; fileRef = 0E98309D2931503F00D04812 /* ReverseWordsinStringIII.swift */; };
		0E9830A02931E47900D04812 /* MiddleofTheLinkedList.swift in Sources */ = {isa = PBXBuildFile; fileRef = 0E98309F2931E47900D04812 /* MiddleofTheLinkedList.swift */; };
		0E9830A22931F0F300D04812 /* RemoveNthNodeFromEndOfList.swift in Sources */ = {isa = PBXBuildFile; fileRef = 0E9830A12931F0F300D04812 /* RemoveNthNodeFromEndOfList.swift */; };
		0E9830A429328AF100D04812 /* LongestSubstringWithoutRepeatingCharacters.swift in Sources */ = {isa = PBXBuildFile; fileRef = 0E9830A329328AF100D04812 /* LongestSubstringWithoutRepeatingCharacters.swift */; };
		0E9830A62933C39700D04812 /* PermutationInString.swift in Sources */ = {isa = PBXBuildFile; fileRef = 0E9830A52933C39700D04812 /* PermutationInString.swift */; };
		0ECB695F293BA9C500C20C8F /* FloodFill.swift in Sources */ = {isa = PBXBuildFile; fileRef = 0ECB695E293BA9C500C20C8F /* FloodFill.swift */; };
		0ECB6961293BB8FF00C20C8F /* MaxAreaOfIsland.swift in Sources */ = {isa = PBXBuildFile; fileRef = 0ECB6960293BB8FF00C20C8F /* MaxAreaOfIsland.swift */; };
		0ECB6963293CE98700C20C8F /* MergeTwoBinaryTrees.swift in Sources */ = {isa = PBXBuildFile; fileRef = 0ECB6962293CE98700C20C8F /* MergeTwoBinaryTrees.swift */; };
		0ECB6965293CF92100C20C8F /* PopulatingNextRightPointersInEachNode.swift in Sources */ = {isa = PBXBuildFile; fileRef = 0ECB6964293CF92100C20C8F /* PopulatingNextRightPointersInEachNode.swift */; };
		7719BDD42028E5C40005B14C /* UniqCharString.swift in Sources */ = {isa = PBXBuildFile; fileRef = 7719BDD32028E5C40005B14C /* UniqCharString.swift */; };
		7719BDD62028ED730005B14C /* StringPermutation.swift in Sources */ = {isa = PBXBuildFile; fileRef = 7719BDD52028ED730005B14C /* StringPermutation.swift */; };
		77309D671FD5E69100FD40A5 /* AppDelegate.swift in Sources */ = {isa = PBXBuildFile; fileRef = 77309D661FD5E69100FD40A5 /* AppDelegate.swift */; };
		77309D691FD5E69100FD40A5 /* ViewController.swift in Sources */ = {isa = PBXBuildFile; fileRef = 77309D681FD5E69100FD40A5 /* ViewController.swift */; };
		77309D6C1FD5E69100FD40A5 /* Main.storyboard in Resources */ = {isa = PBXBuildFile; fileRef = 77309D6A1FD5E69100FD40A5 /* Main.storyboard */; };
		77309D6E1FD5E69100FD40A5 /* Assets.xcassets in Resources */ = {isa = PBXBuildFile; fileRef = 77309D6D1FD5E69100FD40A5 /* Assets.xcassets */; };
		77309D711FD5E69100FD40A5 /* LaunchScreen.storyboard in Resources */ = {isa = PBXBuildFile; fileRef = 77309D6F1FD5E69100FD40A5 /* LaunchScreen.storyboard */; };
		77309D7A1FD5E6AA00FD40A5 /* MergeSort.swift in Sources */ = {isa = PBXBuildFile; fileRef = 77309D791FD5E6AA00FD40A5 /* MergeSort.swift */; };
		77C56CAB2034BCDB00DDC4D5 /* MinStepsinInfiniteGrid.swift in Sources */ = {isa = PBXBuildFile; fileRef = 77C56CAA2034BCDB00DDC4D5 /* MinStepsinInfiniteGrid.swift */; };
		77FCED3B1FE99EC500A9CA30 /* FindMaxSubArray.swift in Sources */ = {isa = PBXBuildFile; fileRef = 77FCED3A1FE99EC500A9CA30 /* FindMaxSubArray.swift */; };
		AD056FFD205EC4280029B45C /* LinkedList.swift in Sources */ = {isa = PBXBuildFile; fileRef = AD056FFC205EC4280029B45C /* LinkedList.swift */; };
		AD056FFF205EC83A0029B45C /* LinkedListTest.swift in Sources */ = {isa = PBXBuildFile; fileRef = AD056FFE205EC83A0029B45C /* LinkedListTest.swift */; };
		AD0EFD952039659E00985BDF /* WaveArray.swift in Sources */ = {isa = PBXBuildFile; fileRef = AD0EFD942039659E00985BDF /* WaveArray.swift */; };
		AD0EFD972039CAE900985BDF /* LargestNumber.swift in Sources */ = {isa = PBXBuildFile; fileRef = AD0EFD962039CAE900985BDF /* LargestNumber.swift */; };
		AD0EFD992039EE8800985BDF /* GridUniquePaths.swift in Sources */ = {isa = PBXBuildFile; fileRef = AD0EFD982039EE8800985BDF /* GridUniquePaths.swift */; };
		AD0EFD9B2039F64200985BDF /* MaximumAbsoluteDifference.swift in Sources */ = {isa = PBXBuildFile; fileRef = AD0EFD9A2039F64200985BDF /* MaximumAbsoluteDifference.swift */; };
		AD12EF172007D69E00A67313 /* BinaryConvert.swift in Sources */ = {isa = PBXBuildFile; fileRef = AD12EF162007D69E00A67313 /* BinaryConvert.swift */; };
		AD12EF192007DB3800A67313 /* AllFactors.swift in Sources */ = {isa = PBXBuildFile; fileRef = AD12EF182007DB3800A67313 /* AllFactors.swift */; };
		AD157148200AB7E9002A674D /* PrimeSum.swift in Sources */ = {isa = PBXBuildFile; fileRef = AD157147200AB7E9002A674D /* PrimeSum.swift */; };
		AD199611203B427F003663BC /* AntiDiagonals.swift in Sources */ = {isa = PBXBuildFile; fileRef = AD199610203B427F003663BC /* AntiDiagonals.swift */; };
		AD3CB4E71FD72D7D002F18D7 /* Karatsuba.swift in Sources */ = {isa = PBXBuildFile; fileRef = AD3CB4E61FD72D7D002F18D7 /* Karatsuba.swift */; };
		AD3CB4E91FD84BE0002F18D7 /* InsertSort.swift in Sources */ = {isa = PBXBuildFile; fileRef = AD3CB4E81FD84BE0002F18D7 /* InsertSort.swift */; };
		AD669FBF200F73BF007447DE /* PowerOfTwoIntegers.swift in Sources */ = {isa = PBXBuildFile; fileRef = AD669FBE200F73BF007447DE /* PowerOfTwoIntegers.swift */; };
		AD669FC1200F9465007447DE /* FizzBuzz.swift in Sources */ = {isa = PBXBuildFile; fileRef = AD669FC0200F9465007447DE /* FizzBuzz.swift */; };
		AD669FC3200FB1A2007447DE /* HammingDistance.swift in Sources */ = {isa = PBXBuildFile; fileRef = AD669FC2200FB1A2007447DE /* HammingDistance.swift */; };
		AD7A25AD20092F10007B22DE /* PrimeNumber.swift in Sources */ = {isa = PBXBuildFile; fileRef = AD7A25AC20092F10007B22DE /* PrimeNumber.swift */; };
		AD97327E200B60ED007A65C6 /* ExcelColumnNumber.swift in Sources */ = {isa = PBXBuildFile; fileRef = AD97327D200B60ED007A65C6 /* ExcelColumnNumber.swift */; };
		ADA8DCD2201B535700EFB359 /* BraceStringBalance.swift in Sources */ = {isa = PBXBuildFile; fileRef = ADA8DCD1201B535700EFB359 /* BraceStringBalance.swift */; };
		ADB98BDE1FE449C000A9123D /* AlgorithmsTests.swift in Sources */ = {isa = PBXBuildFile; fileRef = ADB98BDD1FE449C000A9123D /* AlgorithmsTests.swift */; };
		ADB98BE61FE449EF00A9123D /* Day11_2DArrays.swift in Sources */ = {isa = PBXBuildFile; fileRef = ADB98BE51FE449EF00A9123D /* Day11_2DArrays.swift */; };
		ADE423801FEEAD0D00BF4D8A /* MatrixMultiplication.swift in Sources */ = {isa = PBXBuildFile; fileRef = ADE4237F1FEEAD0D00BF4D8A /* MatrixMultiplication.swift */; };
		ADE97A4A1FDDA15A007FB30B /* CountInversion.swift in Sources */ = {isa = PBXBuildFile; fileRef = ADE97A491FDDA15A007FB30B /* CountInversion.swift */; };
		ADFD96CD20385C7200C2F588 /* PlusOne.swift in Sources */ = {isa = PBXBuildFile; fileRef = ADFD96CC20385C7200C2F588 /* PlusOne.swift */; };
		ADFD96CF2038888B00C2F588 /* MaxNonNegativeSubArray.swift in Sources */ = {isa = PBXBuildFile; fileRef = ADFD96CE2038888B00C2F588 /* MaxNonNegativeSubArray.swift */; };
		ADFD96D12038B0DC00C2F588 /* NobleInteger.swift in Sources */ = {isa = PBXBuildFile; fileRef = ADFD96D02038B0DC00C2F588 /* NobleInteger.swift */; };
/* End PBXBuildFile section */

/* Begin PBXContainerItemProxy section */
		ADB98BE01FE449C000A9123D /* PBXContainerItemProxy */ = {
			isa = PBXContainerItemProxy;
			containerPortal = 77309D5B1FD5E69100FD40A5 /* Project object */;
			proxyType = 1;
			remoteGlobalIDString = 77309D621FD5E69100FD40A5;
			remoteInfo = Algorithms;
		};
/* End PBXContainerItemProxy section */

/* Begin PBXFileReference section */
		0E98308D292AA8B100D04812 /* BinarySearch.swift */ = {isa = PBXFileReference; lastKnownFileType = sourcecode.swift; path = BinarySearch.swift; sourceTree = "<group>"; };
		0E98308F292AB5C700D04812 /* FirstBadVersion.swift */ = {isa = PBXFileReference; lastKnownFileType = sourcecode.swift; path = FirstBadVersion.swift; sourceTree = "<group>"; };
		0E983091292C078800D04812 /* SearchInsertPosition.swift */ = {isa = PBXFileReference; lastKnownFileType = sourcecode.swift; path = SearchInsertPosition.swift; sourceTree = "<group>"; };
		0E983093292D557300D04812 /* SquaresOfSortedArray.swift */ = {isa = PBXFileReference; lastKnownFileType = sourcecode.swift; path = SquaresOfSortedArray.swift; sourceTree = "<group>"; };
		0E983095292D585900D04812 /* RotateArray.swift */ = {isa = PBXFileReference; lastKnownFileType = sourcecode.swift; path = RotateArray.swift; sourceTree = "<group>"; };
		0E983097292DE65A00D04812 /* MoveZeroes.swift */ = {isa = PBXFileReference; lastKnownFileType = sourcecode.swift; path = MoveZeroes.swift; sourceTree = "<group>"; };
		0E9830992930021400D04812 /* TwoSumIIInputArrayIsSorted.swift */ = {isa = PBXFileReference; lastKnownFileType = sourcecode.swift; path = TwoSumIIInputArrayIsSorted.swift; sourceTree = "<group>"; };
		0E98309B2931490A00D04812 /* ReverseString.swift */ = {isa = PBXFileReference; lastKnownFileType = sourcecode.swift; path = ReverseString.swift; sourceTree = "<group>"; };
		0E98309D2931503F00D04812 /* ReverseWordsinStringIII.swift */ = {isa = PBXFileReference; lastKnownFileType = sourcecode.swift; path = ReverseWordsinStringIII.swift; sourceTree = "<group>"; };
		0E98309F2931E47900D04812 /* MiddleofTheLinkedList.swift */ = {isa = PBXFileReference; lastKnownFileType = sourcecode.swift; path = MiddleofTheLinkedList.swift; sourceTree = "<group>"; };
		0E9830A12931F0F300D04812 /* RemoveNthNodeFromEndOfList.swift */ = {isa = PBXFileReference; lastKnownFileType = sourcecode.swift; path = RemoveNthNodeFromEndOfList.swift; sourceTree = "<group>"; };
		0E9830A329328AF100D04812 /* LongestSubstringWithoutRepeatingCharacters.swift */ = {isa = PBXFileReference; lastKnownFileType = sourcecode.swift; path = LongestSubstringWithoutRepeatingCharacters.swift; sourceTree = "<group>"; };
		0E9830A52933C39700D04812 /* PermutationInString.swift */ = {isa = PBXFileReference; lastKnownFileType = sourcecode.swift; path = PermutationInString.swift; sourceTree = "<group>"; };
		0ECB695E293BA9C500C20C8F /* FloodFill.swift */ = {isa = PBXFileReference; lastKnownFileType = sourcecode.swift; path = FloodFill.swift; sourceTree = "<group>"; };
		0ECB6960293BB8FF00C20C8F /* MaxAreaOfIsland.swift */ = {isa = PBXFileReference; lastKnownFileType = sourcecode.swift; path = MaxAreaOfIsland.swift; sourceTree = "<group>"; };
		0ECB6962293CE98700C20C8F /* MergeTwoBinaryTrees.swift */ = {isa = PBXFileReference; lastKnownFileType = sourcecode.swift; path = MergeTwoBinaryTrees.swift; sourceTree = "<group>"; };
		0ECB6964293CF92100C20C8F /* PopulatingNextRightPointersInEachNode.swift */ = {isa = PBXFileReference; lastKnownFileType = sourcecode.swift; path = PopulatingNextRightPointersInEachNode.swift; sourceTree = "<group>"; };
		7719BDD32028E5C40005B14C /* UniqCharString.swift */ = {isa = PBXFileReference; lastKnownFileType = sourcecode.swift; path = UniqCharString.swift; sourceTree = "<group>"; };
		7719BDD52028ED730005B14C /* StringPermutation.swift */ = {isa = PBXFileReference; lastKnownFileType = sourcecode.swift; path = StringPermutation.swift; sourceTree = "<group>"; };
		77309D631FD5E69100FD40A5 /* Algorithms.app */ = {isa = PBXFileReference; explicitFileType = wrapper.application; includeInIndex = 0; path = Algorithms.app; sourceTree = BUILT_PRODUCTS_DIR; };
		77309D661FD5E69100FD40A5 /* AppDelegate.swift */ = {isa = PBXFileReference; lastKnownFileType = sourcecode.swift; path = AppDelegate.swift; sourceTree = "<group>"; };
		77309D681FD5E69100FD40A5 /* ViewController.swift */ = {isa = PBXFileReference; lastKnownFileType = sourcecode.swift; path = ViewController.swift; sourceTree = "<group>"; };
		77309D6B1FD5E69100FD40A5 /* Base */ = {isa = PBXFileReference; lastKnownFileType = file.storyboard; name = Base; path = Base.lproj/Main.storyboard; sourceTree = "<group>"; };
		77309D6D1FD5E69100FD40A5 /* Assets.xcassets */ = {isa = PBXFileReference; lastKnownFileType = folder.assetcatalog; path = Assets.xcassets; sourceTree = "<group>"; };
		77309D701FD5E69100FD40A5 /* Base */ = {isa = PBXFileReference; lastKnownFileType = file.storyboard; name = Base; path = Base.lproj/LaunchScreen.storyboard; sourceTree = "<group>"; };
		77309D721FD5E69100FD40A5 /* Info.plist */ = {isa = PBXFileReference; lastKnownFileType = text.plist.xml; path = Info.plist; sourceTree = "<group>"; };
		77309D791FD5E6AA00FD40A5 /* MergeSort.swift */ = {isa = PBXFileReference; lastKnownFileType = sourcecode.swift; path = MergeSort.swift; sourceTree = "<group>"; };
		77C56CAA2034BCDB00DDC4D5 /* MinStepsinInfiniteGrid.swift */ = {isa = PBXFileReference; lastKnownFileType = sourcecode.swift; path = MinStepsinInfiniteGrid.swift; sourceTree = "<group>"; };
		77FCED3A1FE99EC500A9CA30 /* FindMaxSubArray.swift */ = {isa = PBXFileReference; lastKnownFileType = sourcecode.swift; path = FindMaxSubArray.swift; sourceTree = "<group>"; };
		AD056FFC205EC4280029B45C /* LinkedList.swift */ = {isa = PBXFileReference; lastKnownFileType = sourcecode.swift; path = LinkedList.swift; sourceTree = "<group>"; };
		AD056FFE205EC83A0029B45C /* LinkedListTest.swift */ = {isa = PBXFileReference; lastKnownFileType = sourcecode.swift; path = LinkedListTest.swift; sourceTree = "<group>"; };
		AD0EFD942039659E00985BDF /* WaveArray.swift */ = {isa = PBXFileReference; lastKnownFileType = sourcecode.swift; path = WaveArray.swift; sourceTree = "<group>"; };
		AD0EFD962039CAE900985BDF /* LargestNumber.swift */ = {isa = PBXFileReference; lastKnownFileType = sourcecode.swift; path = LargestNumber.swift; sourceTree = "<group>"; };
		AD0EFD982039EE8800985BDF /* GridUniquePaths.swift */ = {isa = PBXFileReference; lastKnownFileType = sourcecode.swift; path = GridUniquePaths.swift; sourceTree = "<group>"; };
		AD0EFD9A2039F64200985BDF /* MaximumAbsoluteDifference.swift */ = {isa = PBXFileReference; lastKnownFileType = sourcecode.swift; path = MaximumAbsoluteDifference.swift; sourceTree = "<group>"; };
		AD12EF162007D69E00A67313 /* BinaryConvert.swift */ = {isa = PBXFileReference; lastKnownFileType = sourcecode.swift; path = BinaryConvert.swift; sourceTree = "<group>"; };
		AD12EF182007DB3800A67313 /* AllFactors.swift */ = {isa = PBXFileReference; lastKnownFileType = sourcecode.swift; path = AllFactors.swift; sourceTree = "<group>"; };
		AD157147200AB7E9002A674D /* PrimeSum.swift */ = {isa = PBXFileReference; lastKnownFileType = sourcecode.swift; path = PrimeSum.swift; sourceTree = "<group>"; };
		AD199610203B427F003663BC /* AntiDiagonals.swift */ = {isa = PBXFileReference; lastKnownFileType = sourcecode.swift; path = AntiDiagonals.swift; sourceTree = "<group>"; };
		AD3CB4E61FD72D7D002F18D7 /* Karatsuba.swift */ = {isa = PBXFileReference; lastKnownFileType = sourcecode.swift; path = Karatsuba.swift; sourceTree = "<group>"; };
		AD3CB4E81FD84BE0002F18D7 /* InsertSort.swift */ = {isa = PBXFileReference; lastKnownFileType = sourcecode.swift; path = InsertSort.swift; sourceTree = "<group>"; };
		AD669FBE200F73BF007447DE /* PowerOfTwoIntegers.swift */ = {isa = PBXFileReference; lastKnownFileType = sourcecode.swift; path = PowerOfTwoIntegers.swift; sourceTree = "<group>"; };
		AD669FC0200F9465007447DE /* FizzBuzz.swift */ = {isa = PBXFileReference; lastKnownFileType = sourcecode.swift; path = FizzBuzz.swift; sourceTree = "<group>"; };
		AD669FC2200FB1A2007447DE /* HammingDistance.swift */ = {isa = PBXFileReference; lastKnownFileType = sourcecode.swift; path = HammingDistance.swift; sourceTree = "<group>"; };
		AD7A25AC20092F10007B22DE /* PrimeNumber.swift */ = {isa = PBXFileReference; lastKnownFileType = sourcecode.swift; path = PrimeNumber.swift; sourceTree = "<group>"; };
		AD97327D200B60ED007A65C6 /* ExcelColumnNumber.swift */ = {isa = PBXFileReference; lastKnownFileType = sourcecode.swift; path = ExcelColumnNumber.swift; sourceTree = "<group>"; };
		ADA8DCD1201B535700EFB359 /* BraceStringBalance.swift */ = {isa = PBXFileReference; lastKnownFileType = sourcecode.swift; path = BraceStringBalance.swift; sourceTree = "<group>"; };
		ADB98BDB1FE449C000A9123D /* AlgorithmsTests.xctest */ = {isa = PBXFileReference; explicitFileType = wrapper.cfbundle; includeInIndex = 0; path = AlgorithmsTests.xctest; sourceTree = BUILT_PRODUCTS_DIR; };
		ADB98BDD1FE449C000A9123D /* AlgorithmsTests.swift */ = {isa = PBXFileReference; lastKnownFileType = sourcecode.swift; path = AlgorithmsTests.swift; sourceTree = "<group>"; };
		ADB98BDF1FE449C000A9123D /* Info.plist */ = {isa = PBXFileReference; lastKnownFileType = text.plist.xml; path = Info.plist; sourceTree = "<group>"; };
		ADB98BE51FE449EF00A9123D /* Day11_2DArrays.swift */ = {isa = PBXFileReference; lastKnownFileType = sourcecode.swift; path = Day11_2DArrays.swift; sourceTree = "<group>"; };
		ADE4237F1FEEAD0D00BF4D8A /* MatrixMultiplication.swift */ = {isa = PBXFileReference; lastKnownFileType = sourcecode.swift; path = MatrixMultiplication.swift; sourceTree = "<group>"; };
		ADE97A491FDDA15A007FB30B /* CountInversion.swift */ = {isa = PBXFileReference; lastKnownFileType = sourcecode.swift; path = CountInversion.swift; sourceTree = "<group>"; };
		ADFD96CC20385C7200C2F588 /* PlusOne.swift */ = {isa = PBXFileReference; lastKnownFileType = sourcecode.swift; path = PlusOne.swift; sourceTree = "<group>"; };
		ADFD96CE2038888B00C2F588 /* MaxNonNegativeSubArray.swift */ = {isa = PBXFileReference; lastKnownFileType = sourcecode.swift; path = MaxNonNegativeSubArray.swift; sourceTree = "<group>"; };
		ADFD96D02038B0DC00C2F588 /* NobleInteger.swift */ = {isa = PBXFileReference; lastKnownFileType = sourcecode.swift; path = NobleInteger.swift; sourceTree = "<group>"; };
/* End PBXFileReference section */

/* Begin PBXFrameworksBuildPhase section */
		77309D601FD5E69100FD40A5 /* Frameworks */ = {
			isa = PBXFrameworksBuildPhase;
			buildActionMask = 2147483647;
			files = (
			);
			runOnlyForDeploymentPostprocessing = 0;
		};
		ADB98BD81FE449C000A9123D /* Frameworks */ = {
			isa = PBXFrameworksBuildPhase;
			buildActionMask = 2147483647;
			files = (
			);
			runOnlyForDeploymentPostprocessing = 0;
		};
/* End PBXFrameworksBuildPhase section */

/* Begin PBXGroup section */
		0E98308C292AA6C800D04812 /* Before 2022 */ = {
			isa = PBXGroup;
			children = (
				ADB98BDD1FE449C000A9123D /* AlgorithmsTests.swift */,
				ADB98BE51FE449EF00A9123D /* Day11_2DArrays.swift */,
				77FCED3A1FE99EC500A9CA30 /* FindMaxSubArray.swift */,
				ADE4237F1FEEAD0D00BF4D8A /* MatrixMultiplication.swift */,
				AD12EF162007D69E00A67313 /* BinaryConvert.swift */,
				AD12EF182007DB3800A67313 /* AllFactors.swift */,
				AD7A25AC20092F10007B22DE /* PrimeNumber.swift */,
				AD157147200AB7E9002A674D /* PrimeSum.swift */,
				AD97327D200B60ED007A65C6 /* ExcelColumnNumber.swift */,
				AD669FBE200F73BF007447DE /* PowerOfTwoIntegers.swift */,
				AD669FC0200F9465007447DE /* FizzBuzz.swift */,
				AD669FC2200FB1A2007447DE /* HammingDistance.swift */,
				ADA8DCD1201B535700EFB359 /* BraceStringBalance.swift */,
				7719BDD32028E5C40005B14C /* UniqCharString.swift */,
				7719BDD52028ED730005B14C /* StringPermutation.swift */,
				77C56CAA2034BCDB00DDC4D5 /* MinStepsinInfiniteGrid.swift */,
				ADFD96CC20385C7200C2F588 /* PlusOne.swift */,
				ADFD96CE2038888B00C2F588 /* MaxNonNegativeSubArray.swift */,
				ADFD96D02038B0DC00C2F588 /* NobleInteger.swift */,
				AD0EFD942039659E00985BDF /* WaveArray.swift */,
				AD0EFD962039CAE900985BDF /* LargestNumber.swift */,
				AD0EFD982039EE8800985BDF /* GridUniquePaths.swift */,
				AD0EFD9A2039F64200985BDF /* MaximumAbsoluteDifference.swift */,
				AD199610203B427F003663BC /* AntiDiagonals.swift */,
			);
			path = "Before 2022";
			sourceTree = "<group>";
		};
		77309D5A1FD5E69100FD40A5 = {
			isa = PBXGroup;
			children = (
				77309D651FD5E69100FD40A5 /* Algorithms */,
				ADB98BDC1FE449C000A9123D /* AlgorithmsTests */,
				77309D641FD5E69100FD40A5 /* Products */,
			);
			sourceTree = "<group>";
		};
		77309D641FD5E69100FD40A5 /* Products */ = {
			isa = PBXGroup;
			children = (
				77309D631FD5E69100FD40A5 /* Algorithms.app */,
				ADB98BDB1FE449C000A9123D /* AlgorithmsTests.xctest */,
			);
			name = Products;
			sourceTree = "<group>";
		};
		77309D651FD5E69100FD40A5 /* Algorithms */ = {
			isa = PBXGroup;
			children = (
				77309D661FD5E69100FD40A5 /* AppDelegate.swift */,
				77309D681FD5E69100FD40A5 /* ViewController.swift */,
				77309D781FD5E69A00FD40A5 /* Problems */,
				77309D6A1FD5E69100FD40A5 /* Main.storyboard */,
				77309D6D1FD5E69100FD40A5 /* Assets.xcassets */,
				77309D6F1FD5E69100FD40A5 /* LaunchScreen.storyboard */,
				77309D721FD5E69100FD40A5 /* Info.plist */,
			);
			path = Algorithms;
			sourceTree = "<group>";
		};
		77309D781FD5E69A00FD40A5 /* Problems */ = {
			isa = PBXGroup;
			children = (
				77309D791FD5E6AA00FD40A5 /* MergeSort.swift */,
				ADE97A491FDDA15A007FB30B /* CountInversion.swift */,
				AD3CB4E81FD84BE0002F18D7 /* InsertSort.swift */,
				AD3CB4E61FD72D7D002F18D7 /* Karatsuba.swift */,
			);
			path = Problems;
			sourceTree = "<group>";
		};
		AD056FFB205EC4120029B45C /* Data structures */ = {
			isa = PBXGroup;
			children = (
				AD056FFC205EC4280029B45C /* LinkedList.swift */,
				AD056FFE205EC83A0029B45C /* LinkedListTest.swift */,
			);
			path = "Data structures";
			sourceTree = "<group>";
		};
		ADB98BDC1FE449C000A9123D /* AlgorithmsTests */ = {
			isa = PBXGroup;
			children = (
				AD056FFB205EC4120029B45C /* Data structures */,
				0E98308C292AA6C800D04812 /* Before 2022 */,
				0E98308D292AA8B100D04812 /* BinarySearch.swift */,
				0E98308F292AB5C700D04812 /* FirstBadVersion.swift */,
				0E983091292C078800D04812 /* SearchInsertPosition.swift */,
				0E983093292D557300D04812 /* SquaresOfSortedArray.swift */,
				0E983095292D585900D04812 /* RotateArray.swift */,
				0E983097292DE65A00D04812 /* MoveZeroes.swift */,
				0E9830992930021400D04812 /* TwoSumIIInputArrayIsSorted.swift */,
				0E98309B2931490A00D04812 /* ReverseString.swift */,
				0E98309D2931503F00D04812 /* ReverseWordsinStringIII.swift */,
				0E98309F2931E47900D04812 /* MiddleofTheLinkedList.swift */,
				0E9830A12931F0F300D04812 /* RemoveNthNodeFromEndOfList.swift */,
				0E9830A329328AF100D04812 /* LongestSubstringWithoutRepeatingCharacters.swift */,
				0E9830A52933C39700D04812 /* PermutationInString.swift */,
				0ECB695E293BA9C500C20C8F /* FloodFill.swift */,
				0ECB6960293BB8FF00C20C8F /* MaxAreaOfIsland.swift */,
				0ECB6962293CE98700C20C8F /* MergeTwoBinaryTrees.swift */,
				0ECB6964293CF92100C20C8F /* PopulatingNextRightPointersInEachNode.swift */,
				ADB98BDF1FE449C000A9123D /* Info.plist */,
			);
			path = AlgorithmsTests;
			sourceTree = "<group>";
		};
/* End PBXGroup section */

/* Begin PBXNativeTarget section */
		77309D621FD5E69100FD40A5 /* Algorithms */ = {
			isa = PBXNativeTarget;
			buildConfigurationList = 77309D751FD5E69100FD40A5 /* Build configuration list for PBXNativeTarget "Algorithms" */;
			buildPhases = (
				77309D5F1FD5E69100FD40A5 /* Sources */,
				77309D601FD5E69100FD40A5 /* Frameworks */,
				77309D611FD5E69100FD40A5 /* Resources */,
			);
			buildRules = (
			);
			dependencies = (
			);
			name = Algorithms;
			productName = Algorithms;
			productReference = 77309D631FD5E69100FD40A5 /* Algorithms.app */;
			productType = "com.apple.product-type.application";
		};
		ADB98BDA1FE449C000A9123D /* AlgorithmsTests */ = {
			isa = PBXNativeTarget;
			buildConfigurationList = ADB98BE41FE449C000A9123D /* Build configuration list for PBXNativeTarget "AlgorithmsTests" */;
			buildPhases = (
				ADB98BD71FE449C000A9123D /* Sources */,
				ADB98BD81FE449C000A9123D /* Frameworks */,
				ADB98BD91FE449C000A9123D /* Resources */,
			);
			buildRules = (
			);
			dependencies = (
				ADB98BE11FE449C000A9123D /* PBXTargetDependency */,
			);
			name = AlgorithmsTests;
			productName = AlgorithmsTests;
			productReference = ADB98BDB1FE449C000A9123D /* AlgorithmsTests.xctest */;
			productType = "com.apple.product-type.bundle.unit-test";
		};
/* End PBXNativeTarget section */

/* Begin PBXProject section */
		77309D5B1FD5E69100FD40A5 /* Project object */ = {
			isa = PBXProject;
			attributes = {
				LastSwiftUpdateCheck = 0920;
				LastUpgradeCheck = 1410;
				ORGANIZATIONNAME = "Andrey Panov";
				TargetAttributes = {
					77309D621FD5E69100FD40A5 = {
						CreatedOnToolsVersion = 9.1;
						LastSwiftMigration = "";
						ProvisioningStyle = Automatic;
					};
					ADB98BDA1FE449C000A9123D = {
						CreatedOnToolsVersion = 9.2;
						LastSwiftMigration = "";
						ProvisioningStyle = Automatic;
						TestTargetID = 77309D621FD5E69100FD40A5;
					};
				};
			};
			buildConfigurationList = 77309D5E1FD5E69100FD40A5 /* Build configuration list for PBXProject "Algorithms" */;
			compatibilityVersion = "Xcode 8.0";
			developmentRegion = en;
			hasScannedForEncodings = 0;
			knownRegions = (
				en,
				Base,
			);
			mainGroup = 77309D5A1FD5E69100FD40A5;
			productRefGroup = 77309D641FD5E69100FD40A5 /* Products */;
			projectDirPath = "";
			projectRoot = "";
			targets = (
				77309D621FD5E69100FD40A5 /* Algorithms */,
				ADB98BDA1FE449C000A9123D /* AlgorithmsTests */,
			);
		};
/* End PBXProject section */

/* Begin PBXResourcesBuildPhase section */
		77309D611FD5E69100FD40A5 /* Resources */ = {
			isa = PBXResourcesBuildPhase;
			buildActionMask = 2147483647;
			files = (
				77309D711FD5E69100FD40A5 /* LaunchScreen.storyboard in Resources */,
				77309D6E1FD5E69100FD40A5 /* Assets.xcassets in Resources */,
				77309D6C1FD5E69100FD40A5 /* Main.storyboard in Resources */,
			);
			runOnlyForDeploymentPostprocessing = 0;
		};
		ADB98BD91FE449C000A9123D /* Resources */ = {
			isa = PBXResourcesBuildPhase;
			buildActionMask = 2147483647;
			files = (
			);
			runOnlyForDeploymentPostprocessing = 0;
		};
/* End PBXResourcesBuildPhase section */

/* Begin PBXSourcesBuildPhase section */
		77309D5F1FD5E69100FD40A5 /* Sources */ = {
			isa = PBXSourcesBuildPhase;
			buildActionMask = 2147483647;
			files = (
				AD3CB4E91FD84BE0002F18D7 /* InsertSort.swift in Sources */,
				ADE97A4A1FDDA15A007FB30B /* CountInversion.swift in Sources */,
				AD3CB4E71FD72D7D002F18D7 /* Karatsuba.swift in Sources */,
				77309D7A1FD5E6AA00FD40A5 /* MergeSort.swift in Sources */,
				77309D691FD5E69100FD40A5 /* ViewController.swift in Sources */,
				77309D671FD5E69100FD40A5 /* AppDelegate.swift in Sources */,
			);
			runOnlyForDeploymentPostprocessing = 0;
		};
		ADB98BD71FE449C000A9123D /* Sources */ = {
			isa = PBXSourcesBuildPhase;
			buildActionMask = 2147483647;
			files = (
				AD7A25AD20092F10007B22DE /* PrimeNumber.swift in Sources */,
				ADE423801FEEAD0D00BF4D8A /* MatrixMultiplication.swift in Sources */,
				0E983092292C078800D04812 /* SearchInsertPosition.swift in Sources */,
				AD056FFD205EC4280029B45C /* LinkedList.swift in Sources */,
				0E9830A62933C39700D04812 /* PermutationInString.swift in Sources */,
				0ECB695F293BA9C500C20C8F /* FloodFill.swift in Sources */,
				AD12EF172007D69E00A67313 /* BinaryConvert.swift in Sources */,
				AD157148200AB7E9002A674D /* PrimeSum.swift in Sources */,
				0E983094292D557300D04812 /* SquaresOfSortedArray.swift in Sources */,
				AD12EF192007DB3800A67313 /* AllFactors.swift in Sources */,
				ADA8DCD2201B535700EFB359 /* BraceStringBalance.swift in Sources */,
				0E98309C2931490A00D04812 /* ReverseString.swift in Sources */,
				ADB98BE61FE449EF00A9123D /* Day11_2DArrays.swift in Sources */,
				ADFD96CF2038888B00C2F588 /* MaxNonNegativeSubArray.swift in Sources */,
				AD0EFD952039659E00985BDF /* WaveArray.swift in Sources */,
				AD056FFF205EC83A0029B45C /* LinkedListTest.swift in Sources */,
				AD669FBF200F73BF007447DE /* PowerOfTwoIntegers.swift in Sources */,
				AD669FC1200F9465007447DE /* FizzBuzz.swift in Sources */,
				0ECB6963293CE98700C20C8F /* MergeTwoBinaryTrees.swift in Sources */,
				0E9830A22931F0F300D04812 /* RemoveNthNodeFromEndOfList.swift in Sources */,
				0E9830A429328AF100D04812 /* LongestSubstringWithoutRepeatingCharacters.swift in Sources */,
				0ECB6961293BB8FF00C20C8F /* MaxAreaOfIsland.swift in Sources */,
				0E983090292AB5C700D04812 /* FirstBadVersion.swift in Sources */,
				AD669FC3200FB1A2007447DE /* HammingDistance.swift in Sources */,
				AD199611203B427F003663BC /* AntiDiagonals.swift in Sources */,
				77C56CAB2034BCDB00DDC4D5 /* MinStepsinInfiniteGrid.swift in Sources */,
				7719BDD62028ED730005B14C /* StringPermutation.swift in Sources */,
				AD0EFD9B2039F64200985BDF /* MaximumAbsoluteDifference.swift in Sources */,
				0E9830A02931E47900D04812 /* MiddleofTheLinkedList.swift in Sources */,
				AD0EFD972039CAE900985BDF /* LargestNumber.swift in Sources */,
				0ECB6965293CF92100C20C8F /* PopulatingNextRightPointersInEachNode.swift in Sources */,
				AD0EFD992039EE8800985BDF /* GridUniquePaths.swift in Sources */,
				0E98308E292AA8B100D04812 /* BinarySearch.swift in Sources */,
				7719BDD42028E5C40005B14C /* UniqCharString.swift in Sources */,
				ADFD96D12038B0DC00C2F588 /* NobleInteger.swift in Sources */,
				0E983098292DE65A00D04812 /* MoveZeroes.swift in Sources */,
				0E98309A2930021400D04812 /* TwoSumIIInputArrayIsSorted.swift in Sources */,
				77FCED3B1FE99EC500A9CA30 /* FindMaxSubArray.swift in Sources */,
				ADB98BDE1FE449C000A9123D /* AlgorithmsTests.swift in Sources */,
				0E98309E2931503F00D04812 /* ReverseWordsinStringIII.swift in Sources */,
				0E983096292D585900D04812 /* RotateArray.swift in Sources */,
				ADFD96CD20385C7200C2F588 /* PlusOne.swift in Sources */,
				AD97327E200B60ED007A65C6 /* ExcelColumnNumber.swift in Sources */,
			);
			runOnlyForDeploymentPostprocessing = 0;
		};
/* End PBXSourcesBuildPhase section */

/* Begin PBXTargetDependency section */
		ADB98BE11FE449C000A9123D /* PBXTargetDependency */ = {
			isa = PBXTargetDependency;
			target = 77309D621FD5E69100FD40A5 /* Algorithms */;
			targetProxy = ADB98BE01FE449C000A9123D /* PBXContainerItemProxy */;
		};
/* End PBXTargetDependency section */

/* Begin PBXVariantGroup section */
		77309D6A1FD5E69100FD40A5 /* Main.storyboard */ = {
			isa = PBXVariantGroup;
			children = (
				77309D6B1FD5E69100FD40A5 /* Base */,
			);
			name = Main.storyboard;
			sourceTree = "<group>";
		};
		77309D6F1FD5E69100FD40A5 /* LaunchScreen.storyboard */ = {
			isa = PBXVariantGroup;
			children = (
				77309D701FD5E69100FD40A5 /* Base */,
			);
			name = LaunchScreen.storyboard;
			sourceTree = "<group>";
		};
/* End PBXVariantGroup section */

/* Begin XCBuildConfiguration section */
		77309D731FD5E69100FD40A5 /* Debug */ = {
			isa = XCBuildConfiguration;
			buildSettings = {
				ALWAYS_SEARCH_USER_PATHS = NO;
				CLANG_ANALYZER_NONNULL = YES;
				CLANG_ANALYZER_NUMBER_OBJECT_CONVERSION = YES_AGGRESSIVE;
				CLANG_CXX_LANGUAGE_STANDARD = "gnu++14";
				CLANG_CXX_LIBRARY = "libc++";
				CLANG_ENABLE_MODULES = YES;
				CLANG_ENABLE_OBJC_ARC = YES;
				CLANG_WARN_BLOCK_CAPTURE_AUTORELEASING = YES;
				CLANG_WARN_BOOL_CONVERSION = YES;
				CLANG_WARN_COMMA = YES;
				CLANG_WARN_CONSTANT_CONVERSION = YES;
				CLANG_WARN_DEPRECATED_OBJC_IMPLEMENTATIONS = YES;
				CLANG_WARN_DIRECT_OBJC_ISA_USAGE = YES_ERROR;
				CLANG_WARN_DOCUMENTATION_COMMENTS = YES;
				CLANG_WARN_EMPTY_BODY = YES;
				CLANG_WARN_ENUM_CONVERSION = YES;
				CLANG_WARN_INFINITE_RECURSION = YES;
				CLANG_WARN_INT_CONVERSION = YES;
				CLANG_WARN_NON_LITERAL_NULL_CONVERSION = YES;
				CLANG_WARN_OBJC_IMPLICIT_RETAIN_SELF = YES;
				CLANG_WARN_OBJC_LITERAL_CONVERSION = YES;
				CLANG_WARN_OBJC_ROOT_CLASS = YES_ERROR;
				CLANG_WARN_QUOTED_INCLUDE_IN_FRAMEWORK_HEADER = YES;
				CLANG_WARN_RANGE_LOOP_ANALYSIS = YES;
				CLANG_WARN_STRICT_PROTOTYPES = YES;
				CLANG_WARN_SUSPICIOUS_MOVE = YES;
				CLANG_WARN_UNGUARDED_AVAILABILITY = YES_AGGRESSIVE;
				CLANG_WARN_UNREACHABLE_CODE = YES;
				CLANG_WARN__DUPLICATE_METHOD_MATCH = YES;
				CODE_SIGN_IDENTITY = "iPhone Developer";
				COPY_PHASE_STRIP = NO;
				DEBUG_INFORMATION_FORMAT = dwarf;
				ENABLE_STRICT_OBJC_MSGSEND = YES;
				ENABLE_TESTABILITY = YES;
				GCC_C_LANGUAGE_STANDARD = gnu11;
				GCC_DYNAMIC_NO_PIC = NO;
				GCC_NO_COMMON_BLOCKS = YES;
				GCC_OPTIMIZATION_LEVEL = 0;
				GCC_PREPROCESSOR_DEFINITIONS = (
					"DEBUG=1",
					"$(inherited)",
				);
				GCC_WARN_64_TO_32_BIT_CONVERSION = YES;
				GCC_WARN_ABOUT_RETURN_TYPE = YES_ERROR;
				GCC_WARN_UNDECLARED_SELECTOR = YES;
				GCC_WARN_UNINITIALIZED_AUTOS = YES_AGGRESSIVE;
				GCC_WARN_UNUSED_FUNCTION = YES;
				GCC_WARN_UNUSED_VARIABLE = YES;
				IPHONEOS_DEPLOYMENT_TARGET = 12.0;
				MTL_ENABLE_DEBUG_INFO = YES;
				ONLY_ACTIVE_ARCH = YES;
				SDKROOT = iphoneos;
				SWIFT_ACTIVE_COMPILATION_CONDITIONS = DEBUG;
				SWIFT_OPTIMIZATION_LEVEL = "-Onone";
			};
			name = Debug;
		};
		77309D741FD5E69100FD40A5 /* Release */ = {
			isa = XCBuildConfiguration;
			buildSettings = {
				ALWAYS_SEARCH_USER_PATHS = NO;
				CLANG_ANALYZER_NONNULL = YES;
				CLANG_ANALYZER_NUMBER_OBJECT_CONVERSION = YES_AGGRESSIVE;
				CLANG_CXX_LANGUAGE_STANDARD = "gnu++14";
				CLANG_CXX_LIBRARY = "libc++";
				CLANG_ENABLE_MODULES = YES;
				CLANG_ENABLE_OBJC_ARC = YES;
				CLANG_WARN_BLOCK_CAPTURE_AUTORELEASING = YES;
				CLANG_WARN_BOOL_CONVERSION = YES;
				CLANG_WARN_COMMA = YES;
				CLANG_WARN_CONSTANT_CONVERSION = YES;
				CLANG_WARN_DEPRECATED_OBJC_IMPLEMENTATIONS = YES;
				CLANG_WARN_DIRECT_OBJC_ISA_USAGE = YES_ERROR;
				CLANG_WARN_DOCUMENTATION_COMMENTS = YES;
				CLANG_WARN_EMPTY_BODY = YES;
				CLANG_WARN_ENUM_CONVERSION = YES;
				CLANG_WARN_INFINITE_RECURSION = YES;
				CLANG_WARN_INT_CONVERSION = YES;
				CLANG_WARN_NON_LITERAL_NULL_CONVERSION = YES;
				CLANG_WARN_OBJC_IMPLICIT_RETAIN_SELF = YES;
				CLANG_WARN_OBJC_LITERAL_CONVERSION = YES;
				CLANG_WARN_OBJC_ROOT_CLASS = YES_ERROR;
				CLANG_WARN_QUOTED_INCLUDE_IN_FRAMEWORK_HEADER = YES;
				CLANG_WARN_RANGE_LOOP_ANALYSIS = YES;
				CLANG_WARN_STRICT_PROTOTYPES = YES;
				CLANG_WARN_SUSPICIOUS_MOVE = YES;
				CLANG_WARN_UNGUARDED_AVAILABILITY = YES_AGGRESSIVE;
				CLANG_WARN_UNREACHABLE_CODE = YES;
				CLANG_WARN__DUPLICATE_METHOD_MATCH = YES;
				CODE_SIGN_IDENTITY = "iPhone Developer";
				COPY_PHASE_STRIP = NO;
				DEBUG_INFORMATION_FORMAT = "dwarf-with-dsym";
				ENABLE_NS_ASSERTIONS = NO;
				ENABLE_STRICT_OBJC_MSGSEND = YES;
				GCC_C_LANGUAGE_STANDARD = gnu11;
				GCC_NO_COMMON_BLOCKS = YES;
				GCC_WARN_64_TO_32_BIT_CONVERSION = YES;
				GCC_WARN_ABOUT_RETURN_TYPE = YES_ERROR;
				GCC_WARN_UNDECLARED_SELECTOR = YES;
				GCC_WARN_UNINITIALIZED_AUTOS = YES_AGGRESSIVE;
				GCC_WARN_UNUSED_FUNCTION = YES;
				GCC_WARN_UNUSED_VARIABLE = YES;
				IPHONEOS_DEPLOYMENT_TARGET = 12.0;
				MTL_ENABLE_DEBUG_INFO = NO;
				SDKROOT = iphoneos;
				SWIFT_OPTIMIZATION_LEVEL = "-Owholemodule";
				VALIDATE_PRODUCT = YES;
			};
			name = Release;
		};
		77309D761FD5E69100FD40A5 /* Debug */ = {
			isa = XCBuildConfiguration;
			buildSettings = {
				ASSETCATALOG_COMPILER_APPICON_NAME = AppIcon;
				CODE_SIGN_STYLE = Automatic;
				DEVELOPMENT_TEAM = CMWP53JFC4;
				INFOPLIST_FILE = Algorithms/Info.plist;
				LD_RUNPATH_SEARCH_PATHS = "$(inherited) @executable_path/Frameworks";
				PRODUCT_BUNDLE_IDENTIFIER = com.panovdev.Algorithms;
				PRODUCT_NAME = "$(TARGET_NAME)";
				SWIFT_VERSION = 5.0;
				TARGETED_DEVICE_FAMILY = "1,2";
			};
			name = Debug;
		};
		77309D771FD5E69100FD40A5 /* Release */ = {
			isa = XCBuildConfiguration;
			buildSettings = {
				ASSETCATALOG_COMPILER_APPICON_NAME = AppIcon;
				CODE_SIGN_STYLE = Automatic;
				DEVELOPMENT_TEAM = CMWP53JFC4;
				INFOPLIST_FILE = Algorithms/Info.plist;
				LD_RUNPATH_SEARCH_PATHS = "$(inherited) @executable_path/Frameworks";
				PRODUCT_BUNDLE_IDENTIFIER = com.panovdev.Algorithms;
				PRODUCT_NAME = "$(TARGET_NAME)";
				SWIFT_VERSION = 5.0;
				TARGETED_DEVICE_FAMILY = "1,2";
			};
			name = Release;
		};
		ADB98BE21FE449C000A9123D /* Debug */ = {
			isa = XCBuildConfiguration;
			buildSettings = {
				BUNDLE_LOADER = "$(TEST_HOST)";
				CODE_SIGN_STYLE = Automatic;
				INFOPLIST_FILE = AlgorithmsTests/Info.plist;
				IPHONEOS_DEPLOYMENT_TARGET = 12.0;
				LD_RUNPATH_SEARCH_PATHS = "$(inherited) @executable_path/Frameworks @loader_path/Frameworks";
				PRODUCT_BUNDLE_IDENTIFIER = com.panov.AlgorithmsTests;
				PRODUCT_NAME = "$(TARGET_NAME)";
				SWIFT_VERSION = 5.0;
				TARGETED_DEVICE_FAMILY = "1,2";
				TEST_HOST = "$(BUILT_PRODUCTS_DIR)/Algorithms.app/Algorithms";
			};
			name = Debug;
		};
		ADB98BE31FE449C000A9123D /* Release */ = {
			isa = XCBuildConfiguration;
			buildSettings = {
				BUNDLE_LOADER = "$(TEST_HOST)";
				CODE_SIGN_STYLE = Automatic;
				INFOPLIST_FILE = AlgorithmsTests/Info.plist;
				IPHONEOS_DEPLOYMENT_TARGET = 12.0;
				LD_RUNPATH_SEARCH_PATHS = "$(inherited) @executable_path/Frameworks @loader_path/Frameworks";
				PRODUCT_BUNDLE_IDENTIFIER = com.panov.AlgorithmsTests;
				PRODUCT_NAME = "$(TARGET_NAME)";
				SWIFT_VERSION = 5.0;
				TARGETED_DEVICE_FAMILY = "1,2";
				TEST_HOST = "$(BUILT_PRODUCTS_DIR)/Algorithms.app/Algorithms";
			};
			name = Release;
		};
/* End XCBuildConfiguration section */

/* Begin XCConfigurationList section */
		77309D5E1FD5E69100FD40A5 /* Build configuration list for PBXProject "Algorithms" */ = {
			isa = XCConfigurationList;
			buildConfigurations = (
				77309D731FD5E69100FD40A5 /* Debug */,
				77309D741FD5E69100FD40A5 /* Release */,
			);
			defaultConfigurationIsVisible = 0;
			defaultConfigurationName = Release;
		};
		77309D751FD5E69100FD40A5 /* Build configuration list for PBXNativeTarget "Algorithms" */ = {
			isa = XCConfigurationList;
			buildConfigurations = (
				77309D761FD5E69100FD40A5 /* Debug */,
				77309D771FD5E69100FD40A5 /* Release */,
			);
			defaultConfigurationIsVisible = 0;
			defaultConfigurationName = Release;
		};
		ADB98BE41FE449C000A9123D /* Build configuration list for PBXNativeTarget "AlgorithmsTests" */ = {
			isa = XCConfigurationList;
			buildConfigurations = (
				ADB98BE21FE449C000A9123D /* Debug */,
				ADB98BE31FE449C000A9123D /* Release */,
			);
			defaultConfigurationIsVisible = 0;
			defaultConfigurationName = Release;
		};
/* End XCConfigurationList section */
	};
	rootObject = 77309D5B1FD5E69100FD40A5 /* Project object */;
}
